// !$*UTF8*$!
{
	archiveVersion = 1;
	classes = {
	};
	objectVersion = 77;
	objects = {

/* Begin PBXBuildFile section */
		BF917AE62DEDD003006B9AAB /* FirebaseAI in Frameworks */ = {isa = PBXBuildFile; productRef = BF917AE52DEDD003006B9AAB /* FirebaseAI */; };
		BF917AE82DEDD003006B9AAB /* FirebaseAnalytics in Frameworks */ = {isa = PBXBuildFile; productRef = BF917AE72DEDD003006B9AAB /* FirebaseAnalytics */; };
		BF917AEA2DEDD003006B9AAB /* FirebaseAnalyticsOnDeviceConversion in Frameworks */ = {isa = PBXBuildFile; productRef = BF917AE92DEDD003006B9AAB /* FirebaseAnalyticsOnDeviceConversion */; };
		BF917AEC2DEDD004006B9AAB /* FirebaseAnalyticsWithoutAdIdSupport in Frameworks */ = {isa = PBXBuildFile; productRef = BF917AEB2DEDD004006B9AAB /* FirebaseAnalyticsWithoutAdIdSupport */; };
		BF917AEE2DEDD004006B9AAB /* FirebaseAppCheck in Frameworks */ = {isa = PBXBuildFile; productRef = BF917AED2DEDD004006B9AAB /* FirebaseAppCheck */; };
		BF917AF02DEDD004006B9AAB /* FirebaseAppDistribution-Beta in Frameworks */ = {isa = PBXBuildFile; productRef = BF917AEF2DEDD004006B9AAB /* FirebaseAppDistribution-Beta */; };
		BF917AF22DEDD004006B9AAB /* FirebaseAuth in Frameworks */ = {isa = PBXBuildFile; productRef = BF917AF12DEDD004006B9AAB /* FirebaseAuth */; };
		BF917AF42DEDD004006B9AAB /* FirebaseAuthCombine-Community in Frameworks */ = {isa = PBXBuildFile; productRef = BF917AF32DEDD004006B9AAB /* FirebaseAuthCombine-Community */; };
		BF917AF62DEDD004006B9AAB /* FirebaseCore in Frameworks */ = {isa = PBXBuildFile; productRef = BF917AF52DEDD004006B9AAB /* FirebaseCore */; };
		BF917AF82DEDD004006B9AAB /* FirebaseCrashlytics in Frameworks */ = {isa = PBXBuildFile; productRef = BF917AF72DEDD004006B9AAB /* FirebaseCrashlytics */; };
		BF917AFA2DEDD004006B9AAB /* FirebaseDatabase in Frameworks */ = {isa = PBXBuildFile; productRef = BF917AF92DEDD004006B9AAB /* FirebaseDatabase */; };
		BF917AFC2DEDD004006B9AAB /* FirebaseDynamicLinks in Frameworks */ = {isa = PBXBuildFile; productRef = BF917AFB2DEDD004006B9AAB /* FirebaseDynamicLinks */; };
		BF917AFE2DEDD004006B9AAB /* FirebaseFirestore in Frameworks */ = {isa = PBXBuildFile; productRef = BF917AFD2DEDD004006B9AAB /* FirebaseFirestore */; };
		BF917B002DEDD004006B9AAB /* FirebaseFirestoreCombine-Community in Frameworks */ = {isa = PBXBuildFile; productRef = BF917AFF2DEDD004006B9AAB /* FirebaseFirestoreCombine-Community */; };
		BF917B022DEDD004006B9AAB /* FirebaseFunctions in Frameworks */ = {isa = PBXBuildFile; productRef = BF917B012DEDD004006B9AAB /* FirebaseFunctions */; };
		BF917B042DEDD004006B9AAB /* FirebaseFunctionsCombine-Community in Frameworks */ = {isa = PBXBuildFile; productRef = BF917B032DEDD004006B9AAB /* FirebaseFunctionsCombine-Community */; };
		BF917B062DEDD004006B9AAB /* FirebaseInAppMessaging-Beta in Frameworks */ = {isa = PBXBuildFile; productRef = BF917B052DEDD004006B9AAB /* FirebaseInAppMessaging-Beta */; };
		BF917B082DEDD004006B9AAB /* FirebaseInstallations in Frameworks */ = {isa = PBXBuildFile; productRef = BF917B072DEDD004006B9AAB /* FirebaseInstallations */; };
		BF917B0A2DEDD004006B9AAB /* FirebaseMLModelDownloader in Frameworks */ = {isa = PBXBuildFile; productRef = BF917B092DEDD004006B9AAB /* FirebaseMLModelDownloader */; };
		BF917B0C2DEDD004006B9AAB /* FirebaseMessaging in Frameworks */ = {isa = PBXBuildFile; productRef = BF917B0B2DEDD004006B9AAB /* FirebaseMessaging */; };
		BF917B0E2DEDD004006B9AAB /* FirebasePerformance in Frameworks */ = {isa = PBXBuildFile; productRef = BF917B0D2DEDD004006B9AAB /* FirebasePerformance */; };
		BF917B102DEDD004006B9AAB /* FirebaseRemoteConfig in Frameworks */ = {isa = PBXBuildFile; productRef = BF917B0F2DEDD004006B9AAB /* FirebaseRemoteConfig */; };
		BF917B122DEDD004006B9AAB /* FirebaseStorage in Frameworks */ = {isa = PBXBuildFile; productRef = BF917B112DEDD004006B9AAB /* FirebaseStorage */; };
		BF917B142DEDD004006B9AAB /* FirebaseStorageCombine-Community in Frameworks */ = {isa = PBXBuildFile; productRef = BF917B132DEDD004006B9AAB /* FirebaseStorageCombine-Community */; };
		BF917B162DEDD004006B9AAB /* FirebaseVertexAI in Frameworks */ = {isa = PBXBuildFile; productRef = BF917B152DEDD004006B9AAB /* FirebaseVertexAI */; };
/* End PBXBuildFile section */

/* Begin PBXContainerItemProxy section */
		C8948AEE2DF0B57C0046346B /* PBXContainerItemProxy */ = {
			isa = PBXContainerItemProxy;
			containerPortal = 3F0EF2872DDEF21400C4E8F4 /* Project object */;
			proxyType = 1;
			remoteGlobalIDString = 3F0EF28E2DDEF21400C4E8F4;
			remoteInfo = ALP_Cinea;
		};
		C8948AFB2DF0B58E0046346B /* PBXContainerItemProxy */ = {
			isa = PBXContainerItemProxy;
			containerPortal = 3F0EF2872DDEF21400C4E8F4 /* Project object */;
			proxyType = 1;
			remoteGlobalIDString = 3F0EF28E2DDEF21400C4E8F4;
			remoteInfo = ALP_Cinea;
		};
		C8948B082DF0B59F0046346B /* PBXContainerItemProxy */ = {
			isa = PBXContainerItemProxy;
			containerPortal = 3F0EF2872DDEF21400C4E8F4 /* Project object */;
			proxyType = 1;
			remoteGlobalIDString = 3F0EF28E2DDEF21400C4E8F4;
			remoteInfo = ALP_Cinea;
		};
/* End PBXContainerItemProxy section */

/* Begin PBXFileReference section */
		3F0EF28F2DDEF21400C4E8F4 /* ALP_Cinea.app */ = {isa = PBXFileReference; explicitFileType = wrapper.application; includeInIndex = 0; path = ALP_Cinea.app; sourceTree = BUILT_PRODUCTS_DIR; };
		C8948AEA2DF0B57C0046346B /* FilmViewModelTesting.xctest */ = {isa = PBXFileReference; explicitFileType = wrapper.cfbundle; includeInIndex = 0; path = FilmViewModelTesting.xctest; sourceTree = BUILT_PRODUCTS_DIR; };
		C8948AF72DF0B58E0046346B /* AuthViewModelTesting.xctest */ = {isa = PBXFileReference; explicitFileType = wrapper.cfbundle; includeInIndex = 0; path = AuthViewModelTesting.xctest; sourceTree = BUILT_PRODUCTS_DIR; };
		C8948B042DF0B59F0046346B /* BookmarkViewModelTesting.xctest */ = {isa = PBXFileReference; explicitFileType = wrapper.cfbundle; includeInIndex = 0; path = BookmarkViewModelTesting.xctest; sourceTree = BUILT_PRODUCTS_DIR; };
/* End PBXFileReference section */

/* Begin PBXFileSystemSynchronizedRootGroup section */
		3F0EF2912DDEF21400C4E8F4 /* ALP_Cinea */ = {
			isa = PBXFileSystemSynchronizedRootGroup;
			path = ALP_Cinea;
			sourceTree = "<group>";
		};
		C8948AEB2DF0B57C0046346B /* FilmViewModelTesting */ = {
			isa = PBXFileSystemSynchronizedRootGroup;
			path = FilmViewModelTesting;
			sourceTree = "<group>";
		};
		C8948AF82DF0B58E0046346B /* AuthViewModelTesting */ = {
			isa = PBXFileSystemSynchronizedRootGroup;
			path = AuthViewModelTesting;
			sourceTree = "<group>";
		};
		C8948B052DF0B59F0046346B /* BookmarkViewModelTesting */ = {
			isa = PBXFileSystemSynchronizedRootGroup;
			path = BookmarkViewModelTesting;
			sourceTree = "<group>";
		};
/* End PBXFileSystemSynchronizedRootGroup section */

/* Begin PBXFrameworksBuildPhase section */
		3F0EF28C2DDEF21400C4E8F4 /* Frameworks */ = {
			isa = PBXFrameworksBuildPhase;
			buildActionMask = 2147483647;
			files = (
				BF917AE82DEDD003006B9AAB /* FirebaseAnalytics in Frameworks */,
				BF917AFE2DEDD004006B9AAB /* FirebaseFirestore in Frameworks */,
				BF917AEA2DEDD003006B9AAB /* FirebaseAnalyticsOnDeviceConversion in Frameworks */,
				BF917B082DEDD004006B9AAB /* FirebaseInstallations in Frameworks */,
				BF917AE62DEDD003006B9AAB /* FirebaseAI in Frameworks */,
				BF917AEE2DEDD004006B9AAB /* FirebaseAppCheck in Frameworks */,
				BF917B062DEDD004006B9AAB /* FirebaseInAppMessaging-Beta in Frameworks */,
				BF917AEC2DEDD004006B9AAB /* FirebaseAnalyticsWithoutAdIdSupport in Frameworks */,
				BF917AF22DEDD004006B9AAB /* FirebaseAuth in Frameworks */,
				BF917B042DEDD004006B9AAB /* FirebaseFunctionsCombine-Community in Frameworks */,
				BF917B142DEDD004006B9AAB /* FirebaseStorageCombine-Community in Frameworks */,
				BF917AF02DEDD004006B9AAB /* FirebaseAppDistribution-Beta in Frameworks */,
				BF917B162DEDD004006B9AAB /* FirebaseVertexAI in Frameworks */,
				BF917B122DEDD004006B9AAB /* FirebaseStorage in Frameworks */,
				BF917B102DEDD004006B9AAB /* FirebaseRemoteConfig in Frameworks */,
				BF917AF82DEDD004006B9AAB /* FirebaseCrashlytics in Frameworks */,
				BF917B0C2DEDD004006B9AAB /* FirebaseMessaging in Frameworks */,
				BF917B0A2DEDD004006B9AAB /* FirebaseMLModelDownloader in Frameworks */,
				BF917B0E2DEDD004006B9AAB /* FirebasePerformance in Frameworks */,
				BF917AFA2DEDD004006B9AAB /* FirebaseDatabase in Frameworks */,
				BF917AF62DEDD004006B9AAB /* FirebaseCore in Frameworks */,
				BF917AF42DEDD004006B9AAB /* FirebaseAuthCombine-Community in Frameworks */,
				BF917B022DEDD004006B9AAB /* FirebaseFunctions in Frameworks */,
				BF917AFC2DEDD004006B9AAB /* FirebaseDynamicLinks in Frameworks */,
				BF917B002DEDD004006B9AAB /* FirebaseFirestoreCombine-Community in Frameworks */,
			);
			runOnlyForDeploymentPostprocessing = 0;
		};
		C8948AE72DF0B57C0046346B /* Frameworks */ = {
			isa = PBXFrameworksBuildPhase;
			buildActionMask = 2147483647;
			files = (
			);
			runOnlyForDeploymentPostprocessing = 0;
		};
		C8948AF42DF0B58E0046346B /* Frameworks */ = {
			isa = PBXFrameworksBuildPhase;
			buildActionMask = 2147483647;
			files = (
			);
			runOnlyForDeploymentPostprocessing = 0;
		};
		C8948B012DF0B59F0046346B /* Frameworks */ = {
			isa = PBXFrameworksBuildPhase;
			buildActionMask = 2147483647;
			files = (
			);
			runOnlyForDeploymentPostprocessing = 0;
		};
/* End PBXFrameworksBuildPhase section */

/* Begin PBXGroup section */
		3F0EF2862DDEF21400C4E8F4 = {
			isa = PBXGroup;
			children = (
				3F0EF2912DDEF21400C4E8F4 /* ALP_Cinea */,
				C8948AEB2DF0B57C0046346B /* FilmViewModelTesting */,
				C8948AF82DF0B58E0046346B /* AuthViewModelTesting */,
				C8948B052DF0B59F0046346B /* BookmarkViewModelTesting */,
				3F0EF2902DDEF21400C4E8F4 /* Products */,
			);
			sourceTree = "<group>";
		};
		3F0EF2902DDEF21400C4E8F4 /* Products */ = {
			isa = PBXGroup;
			children = (
				3F0EF28F2DDEF21400C4E8F4 /* ALP_Cinea.app */,
				C8948AEA2DF0B57C0046346B /* FilmViewModelTesting.xctest */,
				C8948AF72DF0B58E0046346B /* AuthViewModelTesting.xctest */,
				C8948B042DF0B59F0046346B /* BookmarkViewModelTesting.xctest */,
			);
			name = Products;
			sourceTree = "<group>";
		};
/* End PBXGroup section */

/* Begin PBXNativeTarget section */
		3F0EF28E2DDEF21400C4E8F4 /* ALP_Cinea */ = {
			isa = PBXNativeTarget;
			buildConfigurationList = 3F0EF29D2DDEF21500C4E8F4 /* Build configuration list for PBXNativeTarget "ALP_Cinea" */;
			buildPhases = (
				3F0EF28B2DDEF21400C4E8F4 /* Sources */,
				3F0EF28C2DDEF21400C4E8F4 /* Frameworks */,
				3F0EF28D2DDEF21400C4E8F4 /* Resources */,
			);
			buildRules = (
			);
			dependencies = (
				BF917B182DEDD02C006B9AAB /* PBXTargetDependency */,
				BF917B1A2DEDD02C006B9AAB /* PBXTargetDependency */,
				BF917B1C2DEDD02C006B9AAB /* PBXTargetDependency */,
				BF917B1E2DEDD02C006B9AAB /* PBXTargetDependency */,
				BF917B202DEDD02C006B9AAB /* PBXTargetDependency */,
				BF917B222DEDD02C006B9AAB /* PBXTargetDependency */,
				BF917B242DEDD02C006B9AAB /* PBXTargetDependency */,
				BF917B262DEDD02C006B9AAB /* PBXTargetDependency */,
				BF917B282DEDD02C006B9AAB /* PBXTargetDependency */,
				BF917B2A2DEDD02C006B9AAB /* PBXTargetDependency */,
				BF917B2C2DEDD02C006B9AAB /* PBXTargetDependency */,
				BF917B2E2DEDD02C006B9AAB /* PBXTargetDependency */,
				BF917B302DEDD02C006B9AAB /* PBXTargetDependency */,
				BF917B322DEDD02C006B9AAB /* PBXTargetDependency */,
				BF917B342DEDD02C006B9AAB /* PBXTargetDependency */,
				BF917B362DEDD02C006B9AAB /* PBXTargetDependency */,
				BF917B382DEDD02C006B9AAB /* PBXTargetDependency */,
				BF917B3A2DEDD02C006B9AAB /* PBXTargetDependency */,
				BF917B3C2DEDD02C006B9AAB /* PBXTargetDependency */,
				BF917B3E2DEDD02C006B9AAB /* PBXTargetDependency */,
				BF917B402DEDD02C006B9AAB /* PBXTargetDependency */,
				BF917B422DEDD02C006B9AAB /* PBXTargetDependency */,
				BF917B442DEDD02C006B9AAB /* PBXTargetDependency */,
				BF917B462DEDD02C006B9AAB /* PBXTargetDependency */,
				BF917B482DEDD02C006B9AAB /* PBXTargetDependency */,
			);
			fileSystemSynchronizedGroups = (
				3F0EF2912DDEF21400C4E8F4 /* ALP_Cinea */,
			);
			name = ALP_Cinea;
			packageProductDependencies = (
				BF917AE52DEDD003006B9AAB /* FirebaseAI */,
				BF917AE72DEDD003006B9AAB /* FirebaseAnalytics */,
				BF917AE92DEDD003006B9AAB /* FirebaseAnalyticsOnDeviceConversion */,
				BF917AEB2DEDD004006B9AAB /* FirebaseAnalyticsWithoutAdIdSupport */,
				BF917AED2DEDD004006B9AAB /* FirebaseAppCheck */,
				BF917AEF2DEDD004006B9AAB /* FirebaseAppDistribution-Beta */,
				BF917AF12DEDD004006B9AAB /* FirebaseAuth */,
				BF917AF32DEDD004006B9AAB /* FirebaseAuthCombine-Community */,
				BF917AF52DEDD004006B9AAB /* FirebaseCore */,
				BF917AF72DEDD004006B9AAB /* FirebaseCrashlytics */,
				BF917AF92DEDD004006B9AAB /* FirebaseDatabase */,
				BF917AFB2DEDD004006B9AAB /* FirebaseDynamicLinks */,
				BF917AFD2DEDD004006B9AAB /* FirebaseFirestore */,
				BF917AFF2DEDD004006B9AAB /* FirebaseFirestoreCombine-Community */,
				BF917B012DEDD004006B9AAB /* FirebaseFunctions */,
				BF917B032DEDD004006B9AAB /* FirebaseFunctionsCombine-Community */,
				BF917B052DEDD004006B9AAB /* FirebaseInAppMessaging-Beta */,
				BF917B072DEDD004006B9AAB /* FirebaseInstallations */,
				BF917B092DEDD004006B9AAB /* FirebaseMLModelDownloader */,
				BF917B0B2DEDD004006B9AAB /* FirebaseMessaging */,
				BF917B0D2DEDD004006B9AAB /* FirebasePerformance */,
				BF917B0F2DEDD004006B9AAB /* FirebaseRemoteConfig */,
				BF917B112DEDD004006B9AAB /* FirebaseStorage */,
				BF917B132DEDD004006B9AAB /* FirebaseStorageCombine-Community */,
				BF917B152DEDD004006B9AAB /* FirebaseVertexAI */,
			);
			productName = ALP_Cinea;
			productReference = 3F0EF28F2DDEF21400C4E8F4 /* ALP_Cinea.app */;
			productType = "com.apple.product-type.application";
		};
		C8948AE92DF0B57C0046346B /* FilmViewModelTesting */ = {
			isa = PBXNativeTarget;
			buildConfigurationList = C8948AF22DF0B57C0046346B /* Build configuration list for PBXNativeTarget "FilmViewModelTesting" */;
			buildPhases = (
				C8948AE62DF0B57C0046346B /* Sources */,
				C8948AE72DF0B57C0046346B /* Frameworks */,
				C8948AE82DF0B57C0046346B /* Resources */,
			);
			buildRules = (
			);
			dependencies = (
				C8948AEF2DF0B57C0046346B /* PBXTargetDependency */,
			);
			fileSystemSynchronizedGroups = (
				C8948AEB2DF0B57C0046346B /* FilmViewModelTesting */,
			);
			name = FilmViewModelTesting;
			packageProductDependencies = (
			);
			productName = FilmViewModelTesting;
			productReference = C8948AEA2DF0B57C0046346B /* FilmViewModelTesting.xctest */;
			productType = "com.apple.product-type.bundle.unit-test";
		};
		C8948AF62DF0B58E0046346B /* AuthViewModelTesting */ = {
			isa = PBXNativeTarget;
			buildConfigurationList = C8948AFD2DF0B58E0046346B /* Build configuration list for PBXNativeTarget "AuthViewModelTesting" */;
			buildPhases = (
				C8948AF32DF0B58E0046346B /* Sources */,
				C8948AF42DF0B58E0046346B /* Frameworks */,
				C8948AF52DF0B58E0046346B /* Resources */,
			);
			buildRules = (
			);
			dependencies = (
				C8948AFC2DF0B58E0046346B /* PBXTargetDependency */,
			);
			fileSystemSynchronizedGroups = (
				C8948AF82DF0B58E0046346B /* AuthViewModelTesting */,
			);
			name = AuthViewModelTesting;
			packageProductDependencies = (
			);
			productName = AuthViewModelTesting;
			productReference = C8948AF72DF0B58E0046346B /* AuthViewModelTesting.xctest */;
			productType = "com.apple.product-type.bundle.unit-test";
		};
		C8948B032DF0B59F0046346B /* BookmarkViewModelTesting */ = {
			isa = PBXNativeTarget;
			buildConfigurationList = C8948B0A2DF0B59F0046346B /* Build configuration list for PBXNativeTarget "BookmarkViewModelTesting" */;
			buildPhases = (
				C8948B002DF0B59F0046346B /* Sources */,
				C8948B012DF0B59F0046346B /* Frameworks */,
				C8948B022DF0B59F0046346B /* Resources */,
			);
			buildRules = (
			);
			dependencies = (
				C8948B092DF0B59F0046346B /* PBXTargetDependency */,
			);
			fileSystemSynchronizedGroups = (
				C8948B052DF0B59F0046346B /* BookmarkViewModelTesting */,
			);
			name = BookmarkViewModelTesting;
			packageProductDependencies = (
			);
			productName = BookmarkViewModelTesting;
			productReference = C8948B042DF0B59F0046346B /* BookmarkViewModelTesting.xctest */;
			productType = "com.apple.product-type.bundle.unit-test";
		};
/* End PBXNativeTarget section */

/* Begin PBXProject section */
		3F0EF2872DDEF21400C4E8F4 /* Project object */ = {
			isa = PBXProject;
			attributes = {
				BuildIndependentTargetsInParallel = 1;
				LastSwiftUpdateCheck = 1640;
				LastUpgradeCheck = 1620;
				TargetAttributes = {
					3F0EF28E2DDEF21400C4E8F4 = {
						CreatedOnToolsVersion = 16.2;
					};
					C8948AE92DF0B57C0046346B = {
						CreatedOnToolsVersion = 16.4;
						TestTargetID = 3F0EF28E2DDEF21400C4E8F4;
					};
					C8948AF62DF0B58E0046346B = {
						CreatedOnToolsVersion = 16.4;
						TestTargetID = 3F0EF28E2DDEF21400C4E8F4;
					};
					C8948B032DF0B59F0046346B = {
						CreatedOnToolsVersion = 16.4;
						TestTargetID = 3F0EF28E2DDEF21400C4E8F4;
					};
				};
			};
			buildConfigurationList = 3F0EF28A2DDEF21400C4E8F4 /* Build configuration list for PBXProject "ALP_Cinea" */;
			developmentRegion = en;
			hasScannedForEncodings = 0;
			knownRegions = (
				en,
				Base,
			);
			mainGroup = 3F0EF2862DDEF21400C4E8F4;
			minimizedProjectReferenceProxies = 1;
			packageReferences = (
				BF917AE42DEDD003006B9AAB /* XCRemoteSwiftPackageReference "firebase-ios-sdk" */,
			);
			preferredProjectObjectVersion = 77;
			productRefGroup = 3F0EF2902DDEF21400C4E8F4 /* Products */;
			projectDirPath = "";
			projectRoot = "";
			targets = (
				3F0EF28E2DDEF21400C4E8F4 /* ALP_Cinea */,
				C8948AE92DF0B57C0046346B /* FilmViewModelTesting */,
				C8948AF62DF0B58E0046346B /* AuthViewModelTesting */,
				C8948B032DF0B59F0046346B /* BookmarkViewModelTesting */,
			);
		};
/* End PBXProject section */

/* Begin PBXResourcesBuildPhase section */
		3F0EF28D2DDEF21400C4E8F4 /* Resources */ = {
			isa = PBXResourcesBuildPhase;
			buildActionMask = 2147483647;
			files = (
			);
			runOnlyForDeploymentPostprocessing = 0;
		};
		C8948AE82DF0B57C0046346B /* Resources */ = {
			isa = PBXResourcesBuildPhase;
			buildActionMask = 2147483647;
			files = (
			);
			runOnlyForDeploymentPostprocessing = 0;
		};
		C8948AF52DF0B58E0046346B /* Resources */ = {
			isa = PBXResourcesBuildPhase;
			buildActionMask = 2147483647;
			files = (
			);
			runOnlyForDeploymentPostprocessing = 0;
		};
		C8948B022DF0B59F0046346B /* Resources */ = {
			isa = PBXResourcesBuildPhase;
			buildActionMask = 2147483647;
			files = (
			);
			runOnlyForDeploymentPostprocessing = 0;
		};
/* End PBXResourcesBuildPhase section */

/* Begin PBXSourcesBuildPhase section */
		3F0EF28B2DDEF21400C4E8F4 /* Sources */ = {
			isa = PBXSourcesBuildPhase;
			buildActionMask = 2147483647;
			files = (
			);
			runOnlyForDeploymentPostprocessing = 0;
		};
		C8948AE62DF0B57C0046346B /* Sources */ = {
			isa = PBXSourcesBuildPhase;
			buildActionMask = 2147483647;
			files = (
			);
			runOnlyForDeploymentPostprocessing = 0;
		};
		C8948AF32DF0B58E0046346B /* Sources */ = {
			isa = PBXSourcesBuildPhase;
			buildActionMask = 2147483647;
			files = (
			);
			runOnlyForDeploymentPostprocessing = 0;
		};
		C8948B002DF0B59F0046346B /* Sources */ = {
			isa = PBXSourcesBuildPhase;
			buildActionMask = 2147483647;
			files = (
			);
			runOnlyForDeploymentPostprocessing = 0;
		};
/* End PBXSourcesBuildPhase section */

/* Begin PBXTargetDependency section */
		BF917B182DEDD02C006B9AAB /* PBXTargetDependency */ = {
			isa = PBXTargetDependency;
			productRef = BF917B172DEDD02C006B9AAB /* FirebaseAI */;
		};
		BF917B1A2DEDD02C006B9AAB /* PBXTargetDependency */ = {
			isa = PBXTargetDependency;
			productRef = BF917B192DEDD02C006B9AAB /* FirebaseAnalytics */;
		};
		BF917B1C2DEDD02C006B9AAB /* PBXTargetDependency */ = {
			isa = PBXTargetDependency;
			productRef = BF917B1B2DEDD02C006B9AAB /* FirebaseAnalyticsOnDeviceConversion */;
		};
		BF917B1E2DEDD02C006B9AAB /* PBXTargetDependency */ = {
			isa = PBXTargetDependency;
			productRef = BF917B1D2DEDD02C006B9AAB /* FirebaseAnalyticsWithoutAdIdSupport */;
		};
		BF917B202DEDD02C006B9AAB /* PBXTargetDependency */ = {
			isa = PBXTargetDependency;
			productRef = BF917B1F2DEDD02C006B9AAB /* FirebaseAppCheck */;
		};
		BF917B222DEDD02C006B9AAB /* PBXTargetDependency */ = {
			isa = PBXTargetDependency;
			productRef = BF917B212DEDD02C006B9AAB /* FirebaseAppDistribution-Beta */;
		};
		BF917B242DEDD02C006B9AAB /* PBXTargetDependency */ = {
			isa = PBXTargetDependency;
			productRef = BF917B232DEDD02C006B9AAB /* FirebaseAuth */;
		};
		BF917B262DEDD02C006B9AAB /* PBXTargetDependency */ = {
			isa = PBXTargetDependency;
			productRef = BF917B252DEDD02C006B9AAB /* FirebaseAuthCombine-Community */;
		};
		BF917B282DEDD02C006B9AAB /* PBXTargetDependency */ = {
			isa = PBXTargetDependency;
			productRef = BF917B272DEDD02C006B9AAB /* FirebaseCore */;
		};
		BF917B2A2DEDD02C006B9AAB /* PBXTargetDependency */ = {
			isa = PBXTargetDependency;
			productRef = BF917B292DEDD02C006B9AAB /* FirebaseCrashlytics */;
		};
		BF917B2C2DEDD02C006B9AAB /* PBXTargetDependency */ = {
			isa = PBXTargetDependency;
			productRef = BF917B2B2DEDD02C006B9AAB /* FirebaseDatabase */;
		};
		BF917B2E2DEDD02C006B9AAB /* PBXTargetDependency */ = {
			isa = PBXTargetDependency;
			productRef = BF917B2D2DEDD02C006B9AAB /* FirebaseDynamicLinks */;
		};
		BF917B302DEDD02C006B9AAB /* PBXTargetDependency */ = {
			isa = PBXTargetDependency;
			productRef = BF917B2F2DEDD02C006B9AAB /* FirebaseFirestore */;
		};
		BF917B322DEDD02C006B9AAB /* PBXTargetDependency */ = {
			isa = PBXTargetDependency;
			productRef = BF917B312DEDD02C006B9AAB /* FirebaseFirestoreCombine-Community */;
		};
		BF917B342DEDD02C006B9AAB /* PBXTargetDependency */ = {
			isa = PBXTargetDependency;
			productRef = BF917B332DEDD02C006B9AAB /* FirebaseFunctions */;
		};
		BF917B362DEDD02C006B9AAB /* PBXTargetDependency */ = {
			isa = PBXTargetDependency;
			productRef = BF917B352DEDD02C006B9AAB /* FirebaseFunctionsCombine-Community */;
		};
		BF917B382DEDD02C006B9AAB /* PBXTargetDependency */ = {
			isa = PBXTargetDependency;
			productRef = BF917B372DEDD02C006B9AAB /* FirebaseInAppMessaging-Beta */;
		};
		BF917B3A2DEDD02C006B9AAB /* PBXTargetDependency */ = {
			isa = PBXTargetDependency;
			productRef = BF917B392DEDD02C006B9AAB /* FirebaseInstallations */;
		};
		BF917B3C2DEDD02C006B9AAB /* PBXTargetDependency */ = {
			isa = PBXTargetDependency;
			productRef = BF917B3B2DEDD02C006B9AAB /* FirebaseMLModelDownloader */;
		};
		BF917B3E2DEDD02C006B9AAB /* PBXTargetDependency */ = {
			isa = PBXTargetDependency;
			productRef = BF917B3D2DEDD02C006B9AAB /* FirebaseMessaging */;
		};
		BF917B402DEDD02C006B9AAB /* PBXTargetDependency */ = {
			isa = PBXTargetDependency;
			productRef = BF917B3F2DEDD02C006B9AAB /* FirebasePerformance */;
		};
		BF917B422DEDD02C006B9AAB /* PBXTargetDependency */ = {
			isa = PBXTargetDependency;
			productRef = BF917B412DEDD02C006B9AAB /* FirebaseRemoteConfig */;
		};
		BF917B442DEDD02C006B9AAB /* PBXTargetDependency */ = {
			isa = PBXTargetDependency;
			productRef = BF917B432DEDD02C006B9AAB /* FirebaseStorage */;
		};
		BF917B462DEDD02C006B9AAB /* PBXTargetDependency */ = {
			isa = PBXTargetDependency;
			productRef = BF917B452DEDD02C006B9AAB /* FirebaseStorageCombine-Community */;
		};
		BF917B482DEDD02C006B9AAB /* PBXTargetDependency */ = {
			isa = PBXTargetDependency;
			productRef = BF917B472DEDD02C006B9AAB /* FirebaseVertexAI */;
		};
		C8948AEF2DF0B57C0046346B /* PBXTargetDependency */ = {
			isa = PBXTargetDependency;
			target = 3F0EF28E2DDEF21400C4E8F4 /* ALP_Cinea */;
			targetProxy = C8948AEE2DF0B57C0046346B /* PBXContainerItemProxy */;
		};
		C8948AFC2DF0B58E0046346B /* PBXTargetDependency */ = {
			isa = PBXTargetDependency;
			target = 3F0EF28E2DDEF21400C4E8F4 /* ALP_Cinea */;
			targetProxy = C8948AFB2DF0B58E0046346B /* PBXContainerItemProxy */;
		};
		C8948B092DF0B59F0046346B /* PBXTargetDependency */ = {
			isa = PBXTargetDependency;
			target = 3F0EF28E2DDEF21400C4E8F4 /* ALP_Cinea */;
			targetProxy = C8948B082DF0B59F0046346B /* PBXContainerItemProxy */;
		};
/* End PBXTargetDependency section */

/* Begin XCBuildConfiguration section */
		3F0EF29B2DDEF21500C4E8F4 /* Debug */ = {
			isa = XCBuildConfiguration;
			buildSettings = {
				ALWAYS_SEARCH_USER_PATHS = NO;
				ASSETCATALOG_COMPILER_GENERATE_SWIFT_ASSET_SYMBOL_EXTENSIONS = YES;
				CLANG_ANALYZER_NONNULL = YES;
				CLANG_ANALYZER_NUMBER_OBJECT_CONVERSION = YES_AGGRESSIVE;
				CLANG_CXX_LANGUAGE_STANDARD = "gnu++20";
				CLANG_ENABLE_MODULES = YES;
				CLANG_ENABLE_OBJC_ARC = YES;
				CLANG_ENABLE_OBJC_WEAK = YES;
				CLANG_WARN_BLOCK_CAPTURE_AUTORELEASING = YES;
				CLANG_WARN_BOOL_CONVERSION = YES;
				CLANG_WARN_COMMA = YES;
				CLANG_WARN_CONSTANT_CONVERSION = YES;
				CLANG_WARN_DEPRECATED_OBJC_IMPLEMENTATIONS = YES;
				CLANG_WARN_DIRECT_OBJC_ISA_USAGE = YES_ERROR;
				CLANG_WARN_DOCUMENTATION_COMMENTS = YES;
				CLANG_WARN_EMPTY_BODY = YES;
				CLANG_WARN_ENUM_CONVERSION = YES;
				CLANG_WARN_INFINITE_RECURSION = YES;
				CLANG_WARN_INT_CONVERSION = YES;
				CLANG_WARN_NON_LITERAL_NULL_CONVERSION = YES;
				CLANG_WARN_OBJC_IMPLICIT_RETAIN_SELF = YES;
				CLANG_WARN_OBJC_LITERAL_CONVERSION = YES;
				CLANG_WARN_OBJC_ROOT_CLASS = YES_ERROR;
				CLANG_WARN_QUOTED_INCLUDE_IN_FRAMEWORK_HEADER = YES;
				CLANG_WARN_RANGE_LOOP_ANALYSIS = YES;
				CLANG_WARN_STRICT_PROTOTYPES = YES;
				CLANG_WARN_SUSPICIOUS_MOVE = YES;
				CLANG_WARN_UNGUARDED_AVAILABILITY = YES_AGGRESSIVE;
				CLANG_WARN_UNREACHABLE_CODE = YES;
				CLANG_WARN__DUPLICATE_METHOD_MATCH = YES;
				COPY_PHASE_STRIP = NO;
				DEBUG_INFORMATION_FORMAT = dwarf;
				ENABLE_STRICT_OBJC_MSGSEND = YES;
				ENABLE_TESTABILITY = YES;
				ENABLE_USER_SCRIPT_SANDBOXING = YES;
				GCC_C_LANGUAGE_STANDARD = gnu17;
				GCC_DYNAMIC_NO_PIC = NO;
				GCC_NO_COMMON_BLOCKS = YES;
				GCC_OPTIMIZATION_LEVEL = 0;
				GCC_PREPROCESSOR_DEFINITIONS = (
					"DEBUG=1",
					"$(inherited)",
				);
				GCC_WARN_64_TO_32_BIT_CONVERSION = YES;
				GCC_WARN_ABOUT_RETURN_TYPE = YES_ERROR;
				GCC_WARN_UNDECLARED_SELECTOR = YES;
				GCC_WARN_UNINITIALIZED_AUTOS = YES_AGGRESSIVE;
				GCC_WARN_UNUSED_FUNCTION = YES;
				GCC_WARN_UNUSED_VARIABLE = YES;
				IPHONEOS_DEPLOYMENT_TARGET = 18.2;
				LOCALIZATION_PREFERS_STRING_CATALOGS = YES;
				MTL_ENABLE_DEBUG_INFO = INCLUDE_SOURCE;
				MTL_FAST_MATH = YES;
				ONLY_ACTIVE_ARCH = YES;
				SDKROOT = iphoneos;
				SWIFT_ACTIVE_COMPILATION_CONDITIONS = "DEBUG $(inherited)";
				SWIFT_OPTIMIZATION_LEVEL = "-Onone";
			};
			name = Debug;
		};
		3F0EF29C2DDEF21500C4E8F4 /* Release */ = {
			isa = XCBuildConfiguration;
			buildSettings = {
				ALWAYS_SEARCH_USER_PATHS = NO;
				ASSETCATALOG_COMPILER_GENERATE_SWIFT_ASSET_SYMBOL_EXTENSIONS = YES;
				CLANG_ANALYZER_NONNULL = YES;
				CLANG_ANALYZER_NUMBER_OBJECT_CONVERSION = YES_AGGRESSIVE;
				CLANG_CXX_LANGUAGE_STANDARD = "gnu++20";
				CLANG_ENABLE_MODULES = YES;
				CLANG_ENABLE_OBJC_ARC = YES;
				CLANG_ENABLE_OBJC_WEAK = YES;
				CLANG_WARN_BLOCK_CAPTURE_AUTORELEASING = YES;
				CLANG_WARN_BOOL_CONVERSION = YES;
				CLANG_WARN_COMMA = YES;
				CLANG_WARN_CONSTANT_CONVERSION = YES;
				CLANG_WARN_DEPRECATED_OBJC_IMPLEMENTATIONS = YES;
				CLANG_WARN_DIRECT_OBJC_ISA_USAGE = YES_ERROR;
				CLANG_WARN_DOCUMENTATION_COMMENTS = YES;
				CLANG_WARN_EMPTY_BODY = YES;
				CLANG_WARN_ENUM_CONVERSION = YES;
				CLANG_WARN_INFINITE_RECURSION = YES;
				CLANG_WARN_INT_CONVERSION = YES;
				CLANG_WARN_NON_LITERAL_NULL_CONVERSION = YES;
				CLANG_WARN_OBJC_IMPLICIT_RETAIN_SELF = YES;
				CLANG_WARN_OBJC_LITERAL_CONVERSION = YES;
				CLANG_WARN_OBJC_ROOT_CLASS = YES_ERROR;
				CLANG_WARN_QUOTED_INCLUDE_IN_FRAMEWORK_HEADER = YES;
				CLANG_WARN_RANGE_LOOP_ANALYSIS = YES;
				CLANG_WARN_STRICT_PROTOTYPES = YES;
				CLANG_WARN_SUSPICIOUS_MOVE = YES;
				CLANG_WARN_UNGUARDED_AVAILABILITY = YES_AGGRESSIVE;
				CLANG_WARN_UNREACHABLE_CODE = YES;
				CLANG_WARN__DUPLICATE_METHOD_MATCH = YES;
				COPY_PHASE_STRIP = NO;
				DEBUG_INFORMATION_FORMAT = "dwarf-with-dsym";
				ENABLE_NS_ASSERTIONS = NO;
				ENABLE_STRICT_OBJC_MSGSEND = YES;
				ENABLE_USER_SCRIPT_SANDBOXING = YES;
				GCC_C_LANGUAGE_STANDARD = gnu17;
				GCC_NO_COMMON_BLOCKS = YES;
				GCC_WARN_64_TO_32_BIT_CONVERSION = YES;
				GCC_WARN_ABOUT_RETURN_TYPE = YES_ERROR;
				GCC_WARN_UNDECLARED_SELECTOR = YES;
				GCC_WARN_UNINITIALIZED_AUTOS = YES_AGGRESSIVE;
				GCC_WARN_UNUSED_FUNCTION = YES;
				GCC_WARN_UNUSED_VARIABLE = YES;
				IPHONEOS_DEPLOYMENT_TARGET = 18.2;
				LOCALIZATION_PREFERS_STRING_CATALOGS = YES;
				MTL_ENABLE_DEBUG_INFO = NO;
				MTL_FAST_MATH = YES;
				SDKROOT = iphoneos;
				SWIFT_COMPILATION_MODE = wholemodule;
				VALIDATE_PRODUCT = YES;
			};
			name = Release;
		};
		3F0EF29E2DDEF21500C4E8F4 /* Debug */ = {
			isa = XCBuildConfiguration;
			buildSettings = {
				ASSETCATALOG_COMPILER_APPICON_NAME = AppIcon;
				ASSETCATALOG_COMPILER_GLOBAL_ACCENT_COLOR_NAME = AccentColor;
				CODE_SIGN_STYLE = Automatic;
				CURRENT_PROJECT_VERSION = 1;
				DEVELOPMENT_ASSET_PATHS = "\"ALP_Cinea/Preview Content\"";
				ENABLE_PREVIEWS = YES;
				GENERATE_INFOPLIST_FILE = YES;
				INFOPLIST_KEY_UIApplicationSceneManifest_Generation = YES;
				INFOPLIST_KEY_UIApplicationSupportsIndirectInputEvents = YES;
				INFOPLIST_KEY_UILaunchScreen_Generation = YES;
				INFOPLIST_KEY_UISupportedInterfaceOrientations_iPad = "UIInterfaceOrientationPortrait UIInterfaceOrientationPortraitUpsideDown UIInterfaceOrientationLandscapeLeft UIInterfaceOrientationLandscapeRight";
				INFOPLIST_KEY_UISupportedInterfaceOrientations_iPhone = "UIInterfaceOrientationPortrait UIInterfaceOrientationLandscapeLeft UIInterfaceOrientationLandscapeRight";
				LD_RUNPATH_SEARCH_PATHS = (
					"$(inherited)",
					"@executable_path/Frameworks",
				);
				MARKETING_VERSION = 1.0;
				PRODUCT_BUNDLE_IDENTIFIER = "UC-IMT.ALP-Cinea";
				PRODUCT_NAME = "$(TARGET_NAME)";
				SWIFT_EMIT_LOC_STRINGS = YES;
				SWIFT_VERSION = 5.0;
				TARGETED_DEVICE_FAMILY = "1,2";
			};
			name = Debug;
		};
		3F0EF29F2DDEF21500C4E8F4 /* Release */ = {
			isa = XCBuildConfiguration;
			buildSettings = {
				ASSETCATALOG_COMPILER_APPICON_NAME = AppIcon;
				ASSETCATALOG_COMPILER_GLOBAL_ACCENT_COLOR_NAME = AccentColor;
				CODE_SIGN_STYLE = Automatic;
				CURRENT_PROJECT_VERSION = 1;
				DEVELOPMENT_ASSET_PATHS = "\"ALP_Cinea/Preview Content\"";
				ENABLE_PREVIEWS = YES;
				GENERATE_INFOPLIST_FILE = YES;
				INFOPLIST_KEY_UIApplicationSceneManifest_Generation = YES;
				INFOPLIST_KEY_UIApplicationSupportsIndirectInputEvents = YES;
				INFOPLIST_KEY_UILaunchScreen_Generation = YES;
				INFOPLIST_KEY_UISupportedInterfaceOrientations_iPad = "UIInterfaceOrientationPortrait UIInterfaceOrientationPortraitUpsideDown UIInterfaceOrientationLandscapeLeft UIInterfaceOrientationLandscapeRight";
				INFOPLIST_KEY_UISupportedInterfaceOrientations_iPhone = "UIInterfaceOrientationPortrait UIInterfaceOrientationLandscapeLeft UIInterfaceOrientationLandscapeRight";
				LD_RUNPATH_SEARCH_PATHS = (
					"$(inherited)",
					"@executable_path/Frameworks",
				);
				MARKETING_VERSION = 1.0;
				PRODUCT_BUNDLE_IDENTIFIER = "UC-IMT.ALP-Cinea";
				PRODUCT_NAME = "$(TARGET_NAME)";
				SWIFT_EMIT_LOC_STRINGS = YES;
				SWIFT_VERSION = 5.0;
				TARGETED_DEVICE_FAMILY = "1,2";
			};
			name = Release;
		};
		C8948AF02DF0B57C0046346B /* Debug */ = {
			isa = XCBuildConfiguration;
			buildSettings = {
				BUNDLE_LOADER = "$(TEST_HOST)";
				CODE_SIGN_STYLE = Automatic;
				CURRENT_PROJECT_VERSION = 1;
				GENERATE_INFOPLIST_FILE = YES;
				IPHONEOS_DEPLOYMENT_TARGET = 18.5;
				MARKETING_VERSION = 1.0;
				PRODUCT_BUNDLE_IDENTIFIER = ALPMAD.FilmViewModelTesting;
				PRODUCT_NAME = "$(TARGET_NAME)";
				SWIFT_EMIT_LOC_STRINGS = NO;
				SWIFT_VERSION = 5.0;
				TARGETED_DEVICE_FAMILY = "1,2";
				TEST_HOST = "$(BUILT_PRODUCTS_DIR)/ALP_Cinea.app/$(BUNDLE_EXECUTABLE_FOLDER_PATH)/ALP_Cinea";
			};
			name = Debug;
		};
		C8948AF12DF0B57C0046346B /* Release */ = {
			isa = XCBuildConfiguration;
			buildSettings = {
				BUNDLE_LOADER = "$(TEST_HOST)";
				CODE_SIGN_STYLE = Automatic;
				CURRENT_PROJECT_VERSION = 1;
				GENERATE_INFOPLIST_FILE = YES;
				IPHONEOS_DEPLOYMENT_TARGET = 18.5;
				MARKETING_VERSION = 1.0;
				PRODUCT_BUNDLE_IDENTIFIER = ALPMAD.FilmViewModelTesting;
				PRODUCT_NAME = "$(TARGET_NAME)";
				SWIFT_EMIT_LOC_STRINGS = NO;
				SWIFT_VERSION = 5.0;
				TARGETED_DEVICE_FAMILY = "1,2";
				TEST_HOST = "$(BUILT_PRODUCTS_DIR)/ALP_Cinea.app/$(BUNDLE_EXECUTABLE_FOLDER_PATH)/ALP_Cinea";
			};
			name = Release;
		};
		C8948AFE2DF0B58E0046346B /* Debug */ = {
			isa = XCBuildConfiguration;
			buildSettings = {
				BUNDLE_LOADER = "$(TEST_HOST)";
				CODE_SIGN_STYLE = Automatic;
				CURRENT_PROJECT_VERSION = 1;
				GENERATE_INFOPLIST_FILE = YES;
				IPHONEOS_DEPLOYMENT_TARGET = 18.5;
				MARKETING_VERSION = 1.0;
				PRODUCT_BUNDLE_IDENTIFIER = ALPMAD.AuthViewModelTesting;
				PRODUCT_NAME = "$(TARGET_NAME)";
				SWIFT_EMIT_LOC_STRINGS = NO;
				SWIFT_VERSION = 5.0;
				TARGETED_DEVICE_FAMILY = "1,2";
				TEST_HOST = "$(BUILT_PRODUCTS_DIR)/ALP_Cinea.app/$(BUNDLE_EXECUTABLE_FOLDER_PATH)/ALP_Cinea";
			};
			name = Debug;
		};
		C8948AFF2DF0B58E0046346B /* Release */ = {
			isa = XCBuildConfiguration;
			buildSettings = {
				BUNDLE_LOADER = "$(TEST_HOST)";
				CODE_SIGN_STYLE = Automatic;
				CURRENT_PROJECT_VERSION = 1;
				GENERATE_INFOPLIST_FILE = YES;
				IPHONEOS_DEPLOYMENT_TARGET = 18.5;
				MARKETING_VERSION = 1.0;
				PRODUCT_BUNDLE_IDENTIFIER = ALPMAD.AuthViewModelTesting;
				PRODUCT_NAME = "$(TARGET_NAME)";
				SWIFT_EMIT_LOC_STRINGS = NO;
				SWIFT_VERSION = 5.0;
				TARGETED_DEVICE_FAMILY = "1,2";
				TEST_HOST = "$(BUILT_PRODUCTS_DIR)/ALP_Cinea.app/$(BUNDLE_EXECUTABLE_FOLDER_PATH)/ALP_Cinea";
			};
			name = Release;
		};
		C8948B0B2DF0B59F0046346B /* Debug */ = {
			isa = XCBuildConfiguration;
			buildSettings = {
				BUNDLE_LOADER = "$(TEST_HOST)";
				CODE_SIGN_STYLE = Automatic;
				CURRENT_PROJECT_VERSION = 1;
				GENERATE_INFOPLIST_FILE = YES;
				IPHONEOS_DEPLOYMENT_TARGET = 18.5;
				MARKETING_VERSION = 1.0;
				PRODUCT_BUNDLE_IDENTIFIER = ALPMAD.BookmarkViewModelTesting;
				PRODUCT_NAME = "$(TARGET_NAME)";
				SWIFT_EMIT_LOC_STRINGS = NO;
				SWIFT_VERSION = 5.0;
				TARGETED_DEVICE_FAMILY = "1,2";
				TEST_HOST = "$(BUILT_PRODUCTS_DIR)/ALP_Cinea.app/$(BUNDLE_EXECUTABLE_FOLDER_PATH)/ALP_Cinea";
			};
			name = Debug;
		};
		C8948B0C2DF0B59F0046346B /* Release */ = {
			isa = XCBuildConfiguration;
			buildSettings = {
				BUNDLE_LOADER = "$(TEST_HOST)";
				CODE_SIGN_STYLE = Automatic;
				CURRENT_PROJECT_VERSION = 1;
				GENERATE_INFOPLIST_FILE = YES;
				IPHONEOS_DEPLOYMENT_TARGET = 18.5;
				MARKETING_VERSION = 1.0;
				PRODUCT_BUNDLE_IDENTIFIER = ALPMAD.BookmarkViewModelTesting;
				PRODUCT_NAME = "$(TARGET_NAME)";
				SWIFT_EMIT_LOC_STRINGS = NO;
				SWIFT_VERSION = 5.0;
				TARGETED_DEVICE_FAMILY = "1,2";
				TEST_HOST = "$(BUILT_PRODUCTS_DIR)/ALP_Cinea.app/$(BUNDLE_EXECUTABLE_FOLDER_PATH)/ALP_Cinea";
			};
			name = Release;
		};
/* End XCBuildConfiguration section */

/* Begin XCConfigurationList section */
		3F0EF28A2DDEF21400C4E8F4 /* Build configuration list for PBXProject "ALP_Cinea" */ = {
			isa = XCConfigurationList;
			buildConfigurations = (
				3F0EF29B2DDEF21500C4E8F4 /* Debug */,
				3F0EF29C2DDEF21500C4E8F4 /* Release */,
			);
			defaultConfigurationIsVisible = 0;
			defaultConfigurationName = Release;
		};
		3F0EF29D2DDEF21500C4E8F4 /* Build configuration list for PBXNativeTarget "ALP_Cinea" */ = {
			isa = XCConfigurationList;
			buildConfigurations = (
				3F0EF29E2DDEF21500C4E8F4 /* Debug */,
				3F0EF29F2DDEF21500C4E8F4 /* Release */,
			);
			defaultConfigurationIsVisible = 0;
			defaultConfigurationName = Release;
		};
		C8948AF22DF0B57C0046346B /* Build configuration list for PBXNativeTarget "FilmViewModelTesting" */ = {
			isa = XCConfigurationList;
			buildConfigurations = (
				C8948AF02DF0B57C0046346B /* Debug */,
				C8948AF12DF0B57C0046346B /* Release */,
			);
			defaultConfigurationIsVisible = 0;
			defaultConfigurationName = Release;
		};
		C8948AFD2DF0B58E0046346B /* Build configuration list for PBXNativeTarget "AuthViewModelTesting" */ = {
			isa = XCConfigurationList;
			buildConfigurations = (
				C8948AFE2DF0B58E0046346B /* Debug */,
				C8948AFF2DF0B58E0046346B /* Release */,
			);
			defaultConfigurationIsVisible = 0;
			defaultConfigurationName = Release;
		};
		C8948B0A2DF0B59F0046346B /* Build configuration list for PBXNativeTarget "BookmarkViewModelTesting" */ = {
			isa = XCConfigurationList;
			buildConfigurations = (
				C8948B0B2DF0B59F0046346B /* Debug */,
				C8948B0C2DF0B59F0046346B /* Release */,
			);
			defaultConfigurationIsVisible = 0;
			defaultConfigurationName = Release;
		};
/* End XCConfigurationList section */

/* Begin XCRemoteSwiftPackageReference section */
		BF917AE42DEDD003006B9AAB /* XCRemoteSwiftPackageReference "firebase-ios-sdk" */ = {
			isa = XCRemoteSwiftPackageReference;
			repositoryURL = "https://github.com/firebase/firebase-ios-sdk";
			requirement = {
				kind = upToNextMajorVersion;
				minimumVersion = 11.13.0;
			};
		};
/* End XCRemoteSwiftPackageReference section */

/* Begin XCSwiftPackageProductDependency section */
		BF917AE52DEDD003006B9AAB /* FirebaseAI */ = {
			isa = XCSwiftPackageProductDependency;
			package = BF917AE42DEDD003006B9AAB /* XCRemoteSwiftPackageReference "firebase-ios-sdk" */;
			productName = FirebaseAI;
		};
		BF917AE72DEDD003006B9AAB /* FirebaseAnalytics */ = {
			isa = XCSwiftPackageProductDependency;
			package = BF917AE42DEDD003006B9AAB /* XCRemoteSwiftPackageReference "firebase-ios-sdk" */;
			productName = FirebaseAnalytics;
		};
		BF917AE92DEDD003006B9AAB /* FirebaseAnalyticsOnDeviceConversion */ = {
			isa = XCSwiftPackageProductDependency;
			package = BF917AE42DEDD003006B9AAB /* XCRemoteSwiftPackageReference "firebase-ios-sdk" */;
			productName = FirebaseAnalyticsOnDeviceConversion;
		};
		BF917AEB2DEDD004006B9AAB /* FirebaseAnalyticsWithoutAdIdSupport */ = {
			isa = XCSwiftPackageProductDependency;
			package = BF917AE42DEDD003006B9AAB /* XCRemoteSwiftPackageReference "firebase-ios-sdk" */;
			productName = FirebaseAnalyticsWithoutAdIdSupport;
		};
		BF917AED2DEDD004006B9AAB /* FirebaseAppCheck */ = {
			isa = XCSwiftPackageProductDependency;
			package = BF917AE42DEDD003006B9AAB /* XCRemoteSwiftPackageReference "firebase-ios-sdk" */;
			productName = FirebaseAppCheck;
		};
		BF917AEF2DEDD004006B9AAB /* FirebaseAppDistribution-Beta */ = {
			isa = XCSwiftPackageProductDependency;
			package = BF917AE42DEDD003006B9AAB /* XCRemoteSwiftPackageReference "firebase-ios-sdk" */;
			productName = "FirebaseAppDistribution-Beta";
		};
		BF917AF12DEDD004006B9AAB /* FirebaseAuth */ = {
			isa = XCSwiftPackageProductDependency;
			package = BF917AE42DEDD003006B9AAB /* XCRemoteSwiftPackageReference "firebase-ios-sdk" */;
			productName = FirebaseAuth;
		};
		BF917AF32DEDD004006B9AAB /* FirebaseAuthCombine-Community */ = {
			isa = XCSwiftPackageProductDependency;
			package = BF917AE42DEDD003006B9AAB /* XCRemoteSwiftPackageReference "firebase-ios-sdk" */;
			productName = "FirebaseAuthCombine-Community";
		};
		BF917AF52DEDD004006B9AAB /* FirebaseCore */ = {
			isa = XCSwiftPackageProductDependency;
			package = BF917AE42DEDD003006B9AAB /* XCRemoteSwiftPackageReference "firebase-ios-sdk" */;
			productName = FirebaseCore;
		};
		BF917AF72DEDD004006B9AAB /* FirebaseCrashlytics */ = {
			isa = XCSwiftPackageProductDependency;
			package = BF917AE42DEDD003006B9AAB /* XCRemoteSwiftPackageReference "firebase-ios-sdk" */;
			productName = FirebaseCrashlytics;
		};
		BF917AF92DEDD004006B9AAB /* FirebaseDatabase */ = {
			isa = XCSwiftPackageProductDependency;
			package = BF917AE42DEDD003006B9AAB /* XCRemoteSwiftPackageReference "firebase-ios-sdk" */;
			productName = FirebaseDatabase;
		};
		BF917AFB2DEDD004006B9AAB /* FirebaseDynamicLinks */ = {
			isa = XCSwiftPackageProductDependency;
			package = BF917AE42DEDD003006B9AAB /* XCRemoteSwiftPackageReference "firebase-ios-sdk" */;
			productName = FirebaseDynamicLinks;
		};
		BF917AFD2DEDD004006B9AAB /* FirebaseFirestore */ = {
			isa = XCSwiftPackageProductDependency;
			package = BF917AE42DEDD003006B9AAB /* XCRemoteSwiftPackageReference "firebase-ios-sdk" */;
			productName = FirebaseFirestore;
		};
		BF917AFF2DEDD004006B9AAB /* FirebaseFirestoreCombine-Community */ = {
			isa = XCSwiftPackageProductDependency;
			package = BF917AE42DEDD003006B9AAB /* XCRemoteSwiftPackageReference "firebase-ios-sdk" */;
			productName = "FirebaseFirestoreCombine-Community";
		};
		BF917B012DEDD004006B9AAB /* FirebaseFunctions */ = {
			isa = XCSwiftPackageProductDependency;
			package = BF917AE42DEDD003006B9AAB /* XCRemoteSwiftPackageReference "firebase-ios-sdk" */;
			productName = FirebaseFunctions;
		};
		BF917B032DEDD004006B9AAB /* FirebaseFunctionsCombine-Community */ = {
			isa = XCSwiftPackageProductDependency;
			package = BF917AE42DEDD003006B9AAB /* XCRemoteSwiftPackageReference "firebase-ios-sdk" */;
			productName = "FirebaseFunctionsCombine-Community";
		};
		BF917B052DEDD004006B9AAB /* FirebaseInAppMessaging-Beta */ = {
			isa = XCSwiftPackageProductDependency;
			package = BF917AE42DEDD003006B9AAB /* XCRemoteSwiftPackageReference "firebase-ios-sdk" */;
			productName = "FirebaseInAppMessaging-Beta";
		};
		BF917B072DEDD004006B9AAB /* FirebaseInstallations */ = {
			isa = XCSwiftPackageProductDependency;
			package = BF917AE42DEDD003006B9AAB /* XCRemoteSwiftPackageReference "firebase-ios-sdk" */;
			productName = FirebaseInstallations;
		};
		BF917B092DEDD004006B9AAB /* FirebaseMLModelDownloader */ = {
			isa = XCSwiftPackageProductDependency;
			package = BF917AE42DEDD003006B9AAB /* XCRemoteSwiftPackageReference "firebase-ios-sdk" */;
			productName = FirebaseMLModelDownloader;
		};
		BF917B0B2DEDD004006B9AAB /* FirebaseMessaging */ = {
			isa = XCSwiftPackageProductDependency;
			package = BF917AE42DEDD003006B9AAB /* XCRemoteSwiftPackageReference "firebase-ios-sdk" */;
			productName = FirebaseMessaging;
		};
		BF917B0D2DEDD004006B9AAB /* FirebasePerformance */ = {
			isa = XCSwiftPackageProductDependency;
			package = BF917AE42DEDD003006B9AAB /* XCRemoteSwiftPackageReference "firebase-ios-sdk" */;
			productName = FirebasePerformance;
		};
		BF917B0F2DEDD004006B9AAB /* FirebaseRemoteConfig */ = {
			isa = XCSwiftPackageProductDependency;
			package = BF917AE42DEDD003006B9AAB /* XCRemoteSwiftPackageReference "firebase-ios-sdk" */;
			productName = FirebaseRemoteConfig;
		};
		BF917B112DEDD004006B9AAB /* FirebaseStorage */ = {
			isa = XCSwiftPackageProductDependency;
			package = BF917AE42DEDD003006B9AAB /* XCRemoteSwiftPackageReference "firebase-ios-sdk" */;
			productName = FirebaseStorage;
		};
		BF917B132DEDD004006B9AAB /* FirebaseStorageCombine-Community */ = {
			isa = XCSwiftPackageProductDependency;
			package = BF917AE42DEDD003006B9AAB /* XCRemoteSwiftPackageReference "firebase-ios-sdk" */;
			productName = "FirebaseStorageCombine-Community";
		};
		BF917B152DEDD004006B9AAB /* FirebaseVertexAI */ = {
			isa = XCSwiftPackageProductDependency;
			package = BF917AE42DEDD003006B9AAB /* XCRemoteSwiftPackageReference "firebase-ios-sdk" */;
			productName = FirebaseVertexAI;
		};
		BF917B172DEDD02C006B9AAB /* FirebaseAI */ = {
			isa = XCSwiftPackageProductDependency;
			package = BF917AE42DEDD003006B9AAB /* XCRemoteSwiftPackageReference "firebase-ios-sdk" */;
			productName = FirebaseAI;
		};
		BF917B192DEDD02C006B9AAB /* FirebaseAnalytics */ = {
			isa = XCSwiftPackageProductDependency;
			package = BF917AE42DEDD003006B9AAB /* XCRemoteSwiftPackageReference "firebase-ios-sdk" */;
			productName = FirebaseAnalytics;
		};
		BF917B1B2DEDD02C006B9AAB /* FirebaseAnalyticsOnDeviceConversion */ = {
			isa = XCSwiftPackageProductDependency;
			package = BF917AE42DEDD003006B9AAB /* XCRemoteSwiftPackageReference "firebase-ios-sdk" */;
			productName = FirebaseAnalyticsOnDeviceConversion;
		};
		BF917B1D2DEDD02C006B9AAB /* FirebaseAnalyticsWithoutAdIdSupport */ = {
			isa = XCSwiftPackageProductDependency;
			package = BF917AE42DEDD003006B9AAB /* XCRemoteSwiftPackageReference "firebase-ios-sdk" */;
			productName = FirebaseAnalyticsWithoutAdIdSupport;
		};
		BF917B1F2DEDD02C006B9AAB /* FirebaseAppCheck */ = {
			isa = XCSwiftPackageProductDependency;
			package = BF917AE42DEDD003006B9AAB /* XCRemoteSwiftPackageReference "firebase-ios-sdk" */;
			productName = FirebaseAppCheck;
		};
		BF917B212DEDD02C006B9AAB /* FirebaseAppDistribution-Beta */ = {
			isa = XCSwiftPackageProductDependency;
			package = BF917AE42DEDD003006B9AAB /* XCRemoteSwiftPackageReference "firebase-ios-sdk" */;
			productName = "FirebaseAppDistribution-Beta";
		};
		BF917B232DEDD02C006B9AAB /* FirebaseAuth */ = {
			isa = XCSwiftPackageProductDependency;
			package = BF917AE42DEDD003006B9AAB /* XCRemoteSwiftPackageReference "firebase-ios-sdk" */;
			productName = FirebaseAuth;
		};
		BF917B252DEDD02C006B9AAB /* FirebaseAuthCombine-Community */ = {
			isa = XCSwiftPackageProductDependency;
			package = BF917AE42DEDD003006B9AAB /* XCRemoteSwiftPackageReference "firebase-ios-sdk" */;
			productName = "FirebaseAuthCombine-Community";
		};
		BF917B272DEDD02C006B9AAB /* FirebaseCore */ = {
			isa = XCSwiftPackageProductDependency;
			package = BF917AE42DEDD003006B9AAB /* XCRemoteSwiftPackageReference "firebase-ios-sdk" */;
			productName = FirebaseCore;
		};
		BF917B292DEDD02C006B9AAB /* FirebaseCrashlytics */ = {
			isa = XCSwiftPackageProductDependency;
			package = BF917AE42DEDD003006B9AAB /* XCRemoteSwiftPackageReference "firebase-ios-sdk" */;
			productName = FirebaseCrashlytics;
		};
		BF917B2B2DEDD02C006B9AAB /* FirebaseDatabase */ = {
			isa = XCSwiftPackageProductDependency;
			package = BF917AE42DEDD003006B9AAB /* XCRemoteSwiftPackageReference "firebase-ios-sdk" */;
			productName = FirebaseDatabase;
		};
		BF917B2D2DEDD02C006B9AAB /* FirebaseDynamicLinks */ = {
			isa = XCSwiftPackageProductDependency;
			package = BF917AE42DEDD003006B9AAB /* XCRemoteSwiftPackageReference "firebase-ios-sdk" */;
			productName = FirebaseDynamicLinks;
		};
		BF917B2F2DEDD02C006B9AAB /* FirebaseFirestore */ = {
			isa = XCSwiftPackageProductDependency;
			package = BF917AE42DEDD003006B9AAB /* XCRemoteSwiftPackageReference "firebase-ios-sdk" */;
			productName = FirebaseFirestore;
		};
		BF917B312DEDD02C006B9AAB /* FirebaseFirestoreCombine-Community */ = {
			isa = XCSwiftPackageProductDependency;
			package = BF917AE42DEDD003006B9AAB /* XCRemoteSwiftPackageReference "firebase-ios-sdk" */;
			productName = "FirebaseFirestoreCombine-Community";
		};
		BF917B332DEDD02C006B9AAB /* FirebaseFunctions */ = {
			isa = XCSwiftPackageProductDependency;
			package = BF917AE42DEDD003006B9AAB /* XCRemoteSwiftPackageReference "firebase-ios-sdk" */;
			productName = FirebaseFunctions;
		};
		BF917B352DEDD02C006B9AAB /* FirebaseFunctionsCombine-Community */ = {
			isa = XCSwiftPackageProductDependency;
			package = BF917AE42DEDD003006B9AAB /* XCRemoteSwiftPackageReference "firebase-ios-sdk" */;
			productName = "FirebaseFunctionsCombine-Community";
		};
		BF917B372DEDD02C006B9AAB /* FirebaseInAppMessaging-Beta */ = {
			isa = XCSwiftPackageProductDependency;
			package = BF917AE42DEDD003006B9AAB /* XCRemoteSwiftPackageReference "firebase-ios-sdk" */;
			productName = "FirebaseInAppMessaging-Beta";
		};
		BF917B392DEDD02C006B9AAB /* FirebaseInstallations */ = {
			isa = XCSwiftPackageProductDependency;
			package = BF917AE42DEDD003006B9AAB /* XCRemoteSwiftPackageReference "firebase-ios-sdk" */;
			productName = FirebaseInstallations;
		};
		BF917B3B2DEDD02C006B9AAB /* FirebaseMLModelDownloader */ = {
			isa = XCSwiftPackageProductDependency;
			package = BF917AE42DEDD003006B9AAB /* XCRemoteSwiftPackageReference "firebase-ios-sdk" */;
			productName = FirebaseMLModelDownloader;
		};
		BF917B3D2DEDD02C006B9AAB /* FirebaseMessaging */ = {
			isa = XCSwiftPackageProductDependency;
			package = BF917AE42DEDD003006B9AAB /* XCRemoteSwiftPackageReference "firebase-ios-sdk" */;
			productName = FirebaseMessaging;
		};
		BF917B3F2DEDD02C006B9AAB /* FirebasePerformance */ = {
			isa = XCSwiftPackageProductDependency;
			package = BF917AE42DEDD003006B9AAB /* XCRemoteSwiftPackageReference "firebase-ios-sdk" */;
			productName = FirebasePerformance;
		};
		BF917B412DEDD02C006B9AAB /* FirebaseRemoteConfig */ = {
			isa = XCSwiftPackageProductDependency;
			package = BF917AE42DEDD003006B9AAB /* XCRemoteSwiftPackageReference "firebase-ios-sdk" */;
			productName = FirebaseRemoteConfig;
		};
		BF917B432DEDD02C006B9AAB /* FirebaseStorage */ = {
			isa = XCSwiftPackageProductDependency;
			package = BF917AE42DEDD003006B9AAB /* XCRemoteSwiftPackageReference "firebase-ios-sdk" */;
			productName = FirebaseStorage;
		};
		BF917B452DEDD02C006B9AAB /* FirebaseStorageCombine-Community */ = {
			isa = XCSwiftPackageProductDependency;
			package = BF917AE42DEDD003006B9AAB /* XCRemoteSwiftPackageReference "firebase-ios-sdk" */;
			productName = "FirebaseStorageCombine-Community";
		};
		BF917B472DEDD02C006B9AAB /* FirebaseVertexAI */ = {
			isa = XCSwiftPackageProductDependency;
			package = BF917AE42DEDD003006B9AAB /* XCRemoteSwiftPackageReference "firebase-ios-sdk" */;
			productName = FirebaseVertexAI;
		};
/* End XCSwiftPackageProductDependency section */
	};
	rootObject = 3F0EF2872DDEF21400C4E8F4 /* Project object */;
}
