// !$*UTF8*$!
{
	archiveVersion = 1;
	classes = {
	};
	objectVersion = 77;
	objects = {

/* Begin PBXBuildFile section */
		3FB3AD2A2DF96ADE00B55637 /* FirebaseFirestore in Frameworks */ = {isa = PBXBuildFile; productRef = 3FB3AD292DF96ADE00B55637 /* FirebaseFirestore */; };
		3FB3AD2C2DF96B0100B55637 /* FirebaseAuth in Frameworks */ = {isa = PBXBuildFile; productRef = 3FB3AD2B2DF96B0100B55637 /* FirebaseAuth */; };
		BF917AE62DEDD003006B9AAB /* FirebaseAI in Frameworks */ = {isa = PBXBuildFile; productRef = BF917AE52DEDD003006B9AAB /* FirebaseAI */; };
		BF917AE82DEDD003006B9AAB /* FirebaseAnalytics in Frameworks */ = {isa = PBXBuildFile; productRef = BF917AE72DEDD003006B9AAB /* FirebaseAnalytics */; };
		BF917AEA2DEDD003006B9AAB /* FirebaseAnalyticsOnDeviceConversion in Frameworks */ = {isa = PBXBuildFile; productRef = BF917AE92DEDD003006B9AAB /* FirebaseAnalyticsOnDeviceConversion */; };
		BF917AEC2DEDD004006B9AAB /* FirebaseAnalyticsWithoutAdIdSupport in Frameworks */ = {isa = PBXBuildFile; productRef = BF917AEB2DEDD004006B9AAB /* FirebaseAnalyticsWithoutAdIdSupport */; };
		BF917AEE2DEDD004006B9AAB /* FirebaseAppCheck in Frameworks */ = {isa = PBXBuildFile; productRef = BF917AED2DEDD004006B9AAB /* FirebaseAppCheck */; };
		BF917AF02DEDD004006B9AAB /* FirebaseAppDistribution-Beta in Frameworks */ = {isa = PBXBuildFile; productRef = BF917AEF2DEDD004006B9AAB /* FirebaseAppDistribution-Beta */; };
		BF917AF22DEDD004006B9AAB /* FirebaseAuth in Frameworks */ = {isa = PBXBuildFile; productRef = BF917AF12DEDD004006B9AAB /* FirebaseAuth */; };
		BF917AF42DEDD004006B9AAB /* FirebaseAuthCombine-Community in Frameworks */ = {isa = PBXBuildFile; productRef = BF917AF32DEDD004006B9AAB /* FirebaseAuthCombine-Community */; };
		BF917AF62DEDD004006B9AAB /* FirebaseCore in Frameworks */ = {isa = PBXBuildFile; productRef = BF917AF52DEDD004006B9AAB /* FirebaseCore */; };
		BF917AF82DEDD004006B9AAB /* FirebaseCrashlytics in Frameworks */ = {isa = PBXBuildFile; productRef = BF917AF72DEDD004006B9AAB /* FirebaseCrashlytics */; };
		BF917AFA2DEDD004006B9AAB /* FirebaseDatabase in Frameworks */ = {isa = PBXBuildFile; productRef = BF917AF92DEDD004006B9AAB /* FirebaseDatabase */; };
		BF917AFC2DEDD004006B9AAB /* FirebaseDynamicLinks in Frameworks */ = {isa = PBXBuildFile; productRef = BF917AFB2DEDD004006B9AAB /* FirebaseDynamicLinks */; };
		BF917AFE2DEDD004006B9AAB /* FirebaseFirestore in Frameworks */ = {isa = PBXBuildFile; productRef = BF917AFD2DEDD004006B9AAB /* FirebaseFirestore */; };
		BF917B002DEDD004006B9AAB /* FirebaseFirestoreCombine-Community in Frameworks */ = {isa = PBXBuildFile; productRef = BF917AFF2DEDD004006B9AAB /* FirebaseFirestoreCombine-Community */; };
		BF917B022DEDD004006B9AAB /* FirebaseFunctions in Frameworks */ = {isa = PBXBuildFile; productRef = BF917B012DEDD004006B9AAB /* FirebaseFunctions */; };
		BF917B042DEDD004006B9AAB /* FirebaseFunctionsCombine-Community in Frameworks */ = {isa = PBXBuildFile; productRef = BF917B032DEDD004006B9AAB /* FirebaseFunctionsCombine-Community */; };
		BF917B062DEDD004006B9AAB /* FirebaseInAppMessaging-Beta in Frameworks */ = {isa = PBXBuildFile; productRef = BF917B052DEDD004006B9AAB /* FirebaseInAppMessaging-Beta */; };
		BF917B082DEDD004006B9AAB /* FirebaseInstallations in Frameworks */ = {isa = PBXBuildFile; productRef = BF917B072DEDD004006B9AAB /* FirebaseInstallations */; };
		BF917B0A2DEDD004006B9AAB /* FirebaseMLModelDownloader in Frameworks */ = {isa = PBXBuildFile; productRef = BF917B092DEDD004006B9AAB /* FirebaseMLModelDownloader */; };
		BF917B0C2DEDD004006B9AAB /* FirebaseMessaging in Frameworks */ = {isa = PBXBuildFile; productRef = BF917B0B2DEDD004006B9AAB /* FirebaseMessaging */; };
		BF917B0E2DEDD004006B9AAB /* FirebasePerformance in Frameworks */ = {isa = PBXBuildFile; productRef = BF917B0D2DEDD004006B9AAB /* FirebasePerformance */; };
		BF917B102DEDD004006B9AAB /* FirebaseRemoteConfig in Frameworks */ = {isa = PBXBuildFile; productRef = BF917B0F2DEDD004006B9AAB /* FirebaseRemoteConfig */; };
		BF917B122DEDD004006B9AAB /* FirebaseStorage in Frameworks */ = {isa = PBXBuildFile; productRef = BF917B112DEDD004006B9AAB /* FirebaseStorage */; };
		BF917B142DEDD004006B9AAB /* FirebaseStorageCombine-Community in Frameworks */ = {isa = PBXBuildFile; productRef = BF917B132DEDD004006B9AAB /* FirebaseStorageCombine-Community */; };
		BF917B162DEDD004006B9AAB /* FirebaseVertexAI in Frameworks */ = {isa = PBXBuildFile; productRef = BF917B152DEDD004006B9AAB /* FirebaseVertexAI */; };
		F5B8A2F22DF0BAA900542CF1 /* FirebaseAI in Frameworks */ = {isa = PBXBuildFile; productRef = F5B8A2F12DF0BAA900542CF1 /* FirebaseAI */; };
		F5B8A2F42DF0BAA900542CF1 /* FirebaseAnalytics in Frameworks */ = {isa = PBXBuildFile; productRef = F5B8A2F32DF0BAA900542CF1 /* FirebaseAnalytics */; };
		F5B8A2F62DF0BAA900542CF1 /* FirebaseAnalyticsOnDeviceConversion in Frameworks */ = {isa = PBXBuildFile; productRef = F5B8A2F52DF0BAA900542CF1 /* FirebaseAnalyticsOnDeviceConversion */; };
		F5B8A2F82DF0BAA900542CF1 /* FirebaseAnalyticsWithoutAdIdSupport in Frameworks */ = {isa = PBXBuildFile; productRef = F5B8A2F72DF0BAA900542CF1 /* FirebaseAnalyticsWithoutAdIdSupport */; };
		F5B8A2FA2DF0BAA900542CF1 /* FirebaseAppCheck in Frameworks */ = {isa = PBXBuildFile; productRef = F5B8A2F92DF0BAA900542CF1 /* FirebaseAppCheck */; };
		F5B8A2FC2DF0BAA900542CF1 /* FirebaseAppDistribution-Beta in Frameworks */ = {isa = PBXBuildFile; productRef = F5B8A2FB2DF0BAA900542CF1 /* FirebaseAppDistribution-Beta */; };
		F5B8A2FE2DF0BAA900542CF1 /* FirebaseAuth in Frameworks */ = {isa = PBXBuildFile; productRef = F5B8A2FD2DF0BAA900542CF1 /* FirebaseAuth */; };
		F5B8A3002DF0BAA900542CF1 /* FirebaseAuthCombine-Community in Frameworks */ = {isa = PBXBuildFile; productRef = F5B8A2FF2DF0BAA900542CF1 /* FirebaseAuthCombine-Community */; };
		F5B8A3022DF0BAA900542CF1 /* FirebaseCore in Frameworks */ = {isa = PBXBuildFile; productRef = F5B8A3012DF0BAA900542CF1 /* FirebaseCore */; };
		F5B8A3042DF0BAA900542CF1 /* FirebaseCrashlytics in Frameworks */ = {isa = PBXBuildFile; productRef = F5B8A3032DF0BAA900542CF1 /* FirebaseCrashlytics */; };
		F5B8A3062DF0BAA900542CF1 /* FirebaseDatabase in Frameworks */ = {isa = PBXBuildFile; productRef = F5B8A3052DF0BAA900542CF1 /* FirebaseDatabase */; };
		F5B8A3082DF0BAA900542CF1 /* FirebaseDynamicLinks in Frameworks */ = {isa = PBXBuildFile; productRef = F5B8A3072DF0BAA900542CF1 /* FirebaseDynamicLinks */; };
		F5B8A30A2DF0BAA900542CF1 /* FirebaseFirestore in Frameworks */ = {isa = PBXBuildFile; productRef = F5B8A3092DF0BAA900542CF1 /* FirebaseFirestore */; };
		F5B8A30C2DF0BAA900542CF1 /* FirebaseFirestoreCombine-Community in Frameworks */ = {isa = PBXBuildFile; productRef = F5B8A30B2DF0BAA900542CF1 /* FirebaseFirestoreCombine-Community */; };
		F5B8A30E2DF0BAA900542CF1 /* FirebaseFunctions in Frameworks */ = {isa = PBXBuildFile; productRef = F5B8A30D2DF0BAA900542CF1 /* FirebaseFunctions */; };
		F5B8A3102DF0BAA900542CF1 /* FirebaseFunctionsCombine-Community in Frameworks */ = {isa = PBXBuildFile; productRef = F5B8A30F2DF0BAA900542CF1 /* FirebaseFunctionsCombine-Community */; };
		F5B8A3122DF0BAA900542CF1 /* FirebaseInAppMessaging-Beta in Frameworks */ = {isa = PBXBuildFile; productRef = F5B8A3112DF0BAA900542CF1 /* FirebaseInAppMessaging-Beta */; };
		F5B8A3142DF0BAA900542CF1 /* FirebaseInstallations in Frameworks */ = {isa = PBXBuildFile; productRef = F5B8A3132DF0BAA900542CF1 /* FirebaseInstallations */; };
		F5B8A3162DF0BAA900542CF1 /* FirebaseMessaging in Frameworks */ = {isa = PBXBuildFile; productRef = F5B8A3152DF0BAA900542CF1 /* FirebaseMessaging */; };
		F5B8A3182DF0BAA900542CF1 /* FirebaseMLModelDownloader in Frameworks */ = {isa = PBXBuildFile; productRef = F5B8A3172DF0BAA900542CF1 /* FirebaseMLModelDownloader */; };
		F5B8A31A2DF0BAA900542CF1 /* FirebasePerformance in Frameworks */ = {isa = PBXBuildFile; productRef = F5B8A3192DF0BAA900542CF1 /* FirebasePerformance */; };
		F5B8A31C2DF0BAA900542CF1 /* FirebaseRemoteConfig in Frameworks */ = {isa = PBXBuildFile; productRef = F5B8A31B2DF0BAA900542CF1 /* FirebaseRemoteConfig */; };
		F5B8A31E2DF0BAA900542CF1 /* FirebaseStorage in Frameworks */ = {isa = PBXBuildFile; productRef = F5B8A31D2DF0BAA900542CF1 /* FirebaseStorage */; };
		F5B8A3202DF0BAA900542CF1 /* FirebaseStorageCombine-Community in Frameworks */ = {isa = PBXBuildFile; productRef = F5B8A31F2DF0BAA900542CF1 /* FirebaseStorageCombine-Community */; };
		F5B8A3222DF0BAA900542CF1 /* FirebaseVertexAI in Frameworks */ = {isa = PBXBuildFile; productRef = F5B8A3212DF0BAA900542CF1 /* FirebaseVertexAI */; };
		F5B8A3232DF0BAB000542CF1 /* ALP_Cinea_IPAD.app in Resources */ = {isa = PBXBuildFile; fileRef = F5B8A2E12DF0BA9500542CF1 /* ALP_Cinea_IPAD.app */; };
/* End PBXBuildFile section */

/* Begin PBXContainerItemProxy section */
		F5B8A3242DF0BAB000542CF1 /* PBXContainerItemProxy */ = {
			isa = PBXContainerItemProxy;
			containerPortal = 3F0EF2872DDEF21400C4E8F4 /* Project object */;
			proxyType = 1;
			remoteGlobalIDString = F5B8A2E02DF0BA9500542CF1;
			remoteInfo = ALP_Cinea_IPAD;
		};
		F5B8A3302DF0BAEE00542CF1 /* PBXContainerItemProxy */ = {
			isa = PBXContainerItemProxy;
			containerPortal = 3F0EF2872DDEF21400C4E8F4 /* Project object */;
			proxyType = 1;
			remoteGlobalIDString = F5B8A2E02DF0BA9500542CF1;
			remoteInfo = ALP_Cinea_IPAD;
		};
/* End PBXContainerItemProxy section */

/* Begin PBXFileReference section */
		3F0EF28F2DDEF21400C4E8F4 /* ALP_Cinea.app */ = {isa = PBXFileReference; explicitFileType = wrapper.application; includeInIndex = 0; path = ALP_Cinea.app; sourceTree = BUILT_PRODUCTS_DIR; };
		3FB3ACFB2DF9634900B55637 /* ALP_Cinea_MAC.app */ = {isa = PBXFileReference; explicitFileType = wrapper.application; includeInIndex = 0; path = ALP_Cinea_MAC.app; sourceTree = BUILT_PRODUCTS_DIR; };
		F5B8A2E12DF0BA9500542CF1 /* ALP_Cinea_IPAD.app */ = {isa = PBXFileReference; explicitFileType = wrapper.application; includeInIndex = 0; path = ALP_Cinea_IPAD.app; sourceTree = BUILT_PRODUCTS_DIR; };
/* End PBXFileReference section */

/* Begin PBXFileSystemSynchronizedBuildFileExceptionSet section */
		3FB3AD2E2DF96C2D00B55637 /* Exceptions for "ALP_Cinea" folder in "ALP_Cinea_MAC" target */ = {
			isa = PBXFileSystemSynchronizedBuildFileExceptionSet;
			membershipExceptions = (
				Model/Bookmark.swift,
				Model/Film.swift,
				Model/Review.swift,
				Model/TMDb.swift,
				Model/TMDbGenre.swift,
				Model/User.swift,
				ViewModel/AuthViewModel.swift,
				ViewModel/BookmarkViewModel.swift,
				ViewModel/FilmViewModel.swift,
			);
			target = 3FB3ACFA2DF9634900B55637 /* ALP_Cinea_MAC */;
		};
		F5B8A32C2DF0BAC200542CF1 /* Exceptions for "ALP_Cinea" folder in "ALP_Cinea_IPAD" target */ = {
			isa = PBXFileSystemSynchronizedBuildFileExceptionSet;
			membershipExceptions = (
				Model/Bookmark.swift,
				Model/Film.swift,
				Model/Review.swift,
				Model/TMDb.swift,
				Model/TMDbGenre.swift,
				Model/User.swift,
				ViewModel/AuthViewModel.swift,
				ViewModel/BookmarkViewModel.swift,
				ViewModel/FilmViewModel.swift,
			);
			target = F5B8A2E02DF0BA9500542CF1 /* ALP_Cinea_IPAD */;
		};
/* End PBXFileSystemSynchronizedBuildFileExceptionSet section */

/* Begin PBXFileSystemSynchronizedRootGroup section */
		3F0EF2912DDEF21400C4E8F4 /* ALP_Cinea */ = {
			isa = PBXFileSystemSynchronizedRootGroup;
			exceptions = (
				F5B8A32C2DF0BAC200542CF1 /* Exceptions for "ALP_Cinea" folder in "ALP_Cinea_IPAD" target */,
				3FB3AD2E2DF96C2D00B55637 /* Exceptions for "ALP_Cinea" folder in "ALP_Cinea_MAC" target */,
			);
			path = ALP_Cinea;
			sourceTree = "<group>";
		};
		3FB3ACFC2DF9634900B55637 /* ALP_Cinea_MAC */ = {
			isa = PBXFileSystemSynchronizedRootGroup;
			path = ALP_Cinea_MAC;
			sourceTree = "<group>";
		};
		F5B8A2E22DF0BA9600542CF1 /* ALP_Cinea_IPAD */ = {
			isa = PBXFileSystemSynchronizedRootGroup;
			path = ALP_Cinea_IPAD;
			sourceTree = "<group>";
		};
/* End PBXFileSystemSynchronizedRootGroup section */

/* Begin PBXFrameworksBuildPhase section */
		3F0EF28C2DDEF21400C4E8F4 /* Frameworks */ = {
			isa = PBXFrameworksBuildPhase;
			buildActionMask = 2147483647;
			files = (
				BF917AE82DEDD003006B9AAB /* FirebaseAnalytics in Frameworks */,
				BF917AFE2DEDD004006B9AAB /* FirebaseFirestore in Frameworks */,
				BF917AEA2DEDD003006B9AAB /* FirebaseAnalyticsOnDeviceConversion in Frameworks */,
				BF917B082DEDD004006B9AAB /* FirebaseInstallations in Frameworks */,
				BF917AE62DEDD003006B9AAB /* FirebaseAI in Frameworks */,
				BF917AEE2DEDD004006B9AAB /* FirebaseAppCheck in Frameworks */,
				BF917B062DEDD004006B9AAB /* FirebaseInAppMessaging-Beta in Frameworks */,
				BF917AEC2DEDD004006B9AAB /* FirebaseAnalyticsWithoutAdIdSupport in Frameworks */,
				BF917AF22DEDD004006B9AAB /* FirebaseAuth in Frameworks */,
				BF917B042DEDD004006B9AAB /* FirebaseFunctionsCombine-Community in Frameworks */,
				BF917B142DEDD004006B9AAB /* FirebaseStorageCombine-Community in Frameworks */,
				BF917AF02DEDD004006B9AAB /* FirebaseAppDistribution-Beta in Frameworks */,
				BF917B162DEDD004006B9AAB /* FirebaseVertexAI in Frameworks */,
				BF917B122DEDD004006B9AAB /* FirebaseStorage in Frameworks */,
				BF917B102DEDD004006B9AAB /* FirebaseRemoteConfig in Frameworks */,
				BF917AF82DEDD004006B9AAB /* FirebaseCrashlytics in Frameworks */,
				BF917B0C2DEDD004006B9AAB /* FirebaseMessaging in Frameworks */,
				BF917B0A2DEDD004006B9AAB /* FirebaseMLModelDownloader in Frameworks */,
				BF917B0E2DEDD004006B9AAB /* FirebasePerformance in Frameworks */,
				BF917AFA2DEDD004006B9AAB /* FirebaseDatabase in Frameworks */,
				BF917AF62DEDD004006B9AAB /* FirebaseCore in Frameworks */,
				BF917AF42DEDD004006B9AAB /* FirebaseAuthCombine-Community in Frameworks */,
				BF917B022DEDD004006B9AAB /* FirebaseFunctions in Frameworks */,
				BF917AFC2DEDD004006B9AAB /* FirebaseDynamicLinks in Frameworks */,
				BF917B002DEDD004006B9AAB /* FirebaseFirestoreCombine-Community in Frameworks */,
			);
			runOnlyForDeploymentPostprocessing = 0;
		};
		3FB3ACF82DF9634900B55637 /* Frameworks */ = {
			isa = PBXFrameworksBuildPhase;
			buildActionMask = 2147483647;
			files = (
				3FB3AD2A2DF96ADE00B55637 /* FirebaseFirestore in Frameworks */,
				3FB3AD2C2DF96B0100B55637 /* FirebaseAuth in Frameworks */,
			);
			runOnlyForDeploymentPostprocessing = 0;
		};
		F5B8A2DE2DF0BA9500542CF1 /* Frameworks */ = {
			isa = PBXFrameworksBuildPhase;
			buildActionMask = 2147483647;
			files = (
				F5B8A2F42DF0BAA900542CF1 /* FirebaseAnalytics in Frameworks */,
				F5B8A30A2DF0BAA900542CF1 /* FirebaseFirestore in Frameworks */,
				F5B8A2F62DF0BAA900542CF1 /* FirebaseAnalyticsOnDeviceConversion in Frameworks */,
				F5B8A3142DF0BAA900542CF1 /* FirebaseInstallations in Frameworks */,
				F5B8A2F22DF0BAA900542CF1 /* FirebaseAI in Frameworks */,
				F5B8A2FA2DF0BAA900542CF1 /* FirebaseAppCheck in Frameworks */,
				F5B8A3122DF0BAA900542CF1 /* FirebaseInAppMessaging-Beta in Frameworks */,
				F5B8A3182DF0BAA900542CF1 /* FirebaseMLModelDownloader in Frameworks */,
				F5B8A2F82DF0BAA900542CF1 /* FirebaseAnalyticsWithoutAdIdSupport in Frameworks */,
				F5B8A3162DF0BAA900542CF1 /* FirebaseMessaging in Frameworks */,
				F5B8A3202DF0BAA900542CF1 /* FirebaseStorageCombine-Community in Frameworks */,
				F5B8A2FE2DF0BAA900542CF1 /* FirebaseAuth in Frameworks */,
				F5B8A3222DF0BAA900542CF1 /* FirebaseVertexAI in Frameworks */,
				F5B8A31E2DF0BAA900542CF1 /* FirebaseStorage in Frameworks */,
				F5B8A31C2DF0BAA900542CF1 /* FirebaseRemoteConfig in Frameworks */,
				F5B8A3102DF0BAA900542CF1 /* FirebaseFunctionsCombine-Community in Frameworks */,
				F5B8A2FC2DF0BAA900542CF1 /* FirebaseAppDistribution-Beta in Frameworks */,
				F5B8A3042DF0BAA900542CF1 /* FirebaseCrashlytics in Frameworks */,
				F5B8A31A2DF0BAA900542CF1 /* FirebasePerformance in Frameworks */,
				F5B8A3062DF0BAA900542CF1 /* FirebaseDatabase in Frameworks */,
				F5B8A3022DF0BAA900542CF1 /* FirebaseCore in Frameworks */,
				F5B8A3002DF0BAA900542CF1 /* FirebaseAuthCombine-Community in Frameworks */,
				F5B8A30E2DF0BAA900542CF1 /* FirebaseFunctions in Frameworks */,
				F5B8A3082DF0BAA900542CF1 /* FirebaseDynamicLinks in Frameworks */,
				F5B8A30C2DF0BAA900542CF1 /* FirebaseFirestoreCombine-Community in Frameworks */,
			);
			runOnlyForDeploymentPostprocessing = 0;
		};
/* End PBXFrameworksBuildPhase section */

/* Begin PBXGroup section */
		3F0EF2862DDEF21400C4E8F4 = {
			isa = PBXGroup;
			children = (
				3F0EF2912DDEF21400C4E8F4 /* ALP_Cinea */,
				F5B8A2E22DF0BA9600542CF1 /* ALP_Cinea_IPAD */,
				3FB3ACFC2DF9634900B55637 /* ALP_Cinea_MAC */,
				F5B8A2F02DF0BAA900542CF1 /* Frameworks */,
				3F0EF2902DDEF21400C4E8F4 /* Products */,
			);
			sourceTree = "<group>";
		};
		3F0EF2902DDEF21400C4E8F4 /* Products */ = {
			isa = PBXGroup;
			children = (
				3F0EF28F2DDEF21400C4E8F4 /* ALP_Cinea.app */,
				F5B8A2E12DF0BA9500542CF1 /* ALP_Cinea_IPAD.app */,
				3FB3ACFB2DF9634900B55637 /* ALP_Cinea_MAC.app */,
			);
			name = Products;
			sourceTree = "<group>";
		};
		F5B8A2F02DF0BAA900542CF1 /* Frameworks */ = {
			isa = PBXGroup;
			children = (
			);
			name = Frameworks;
			sourceTree = "<group>";
		};
/* End PBXGroup section */

/* Begin PBXNativeTarget section */
		3F0EF28E2DDEF21400C4E8F4 /* ALP_Cinea */ = {
			isa = PBXNativeTarget;
			buildConfigurationList = 3F0EF29D2DDEF21500C4E8F4 /* Build configuration list for PBXNativeTarget "ALP_Cinea" */;
			buildPhases = (
				3F0EF28B2DDEF21400C4E8F4 /* Sources */,
				3F0EF28C2DDEF21400C4E8F4 /* Frameworks */,
				3F0EF28D2DDEF21400C4E8F4 /* Resources */,
			);
			buildRules = (
			);
			dependencies = (
				BF917B182DEDD02C006B9AAB /* PBXTargetDependency */,
				BF917B1A2DEDD02C006B9AAB /* PBXTargetDependency */,
				BF917B1C2DEDD02C006B9AAB /* PBXTargetDependency */,
				BF917B1E2DEDD02C006B9AAB /* PBXTargetDependency */,
				BF917B202DEDD02C006B9AAB /* PBXTargetDependency */,
				BF917B222DEDD02C006B9AAB /* PBXTargetDependency */,
				BF917B242DEDD02C006B9AAB /* PBXTargetDependency */,
				BF917B262DEDD02C006B9AAB /* PBXTargetDependency */,
				BF917B282DEDD02C006B9AAB /* PBXTargetDependency */,
				BF917B2A2DEDD02C006B9AAB /* PBXTargetDependency */,
				BF917B2C2DEDD02C006B9AAB /* PBXTargetDependency */,
				BF917B2E2DEDD02C006B9AAB /* PBXTargetDependency */,
				BF917B302DEDD02C006B9AAB /* PBXTargetDependency */,
				BF917B322DEDD02C006B9AAB /* PBXTargetDependency */,
				BF917B342DEDD02C006B9AAB /* PBXTargetDependency */,
				BF917B362DEDD02C006B9AAB /* PBXTargetDependency */,
				BF917B382DEDD02C006B9AAB /* PBXTargetDependency */,
				BF917B3A2DEDD02C006B9AAB /* PBXTargetDependency */,
				BF917B3C2DEDD02C006B9AAB /* PBXTargetDependency */,
				BF917B3E2DEDD02C006B9AAB /* PBXTargetDependency */,
				BF917B402DEDD02C006B9AAB /* PBXTargetDependency */,
				BF917B422DEDD02C006B9AAB /* PBXTargetDependency */,
				BF917B442DEDD02C006B9AAB /* PBXTargetDependency */,
				BF917B462DEDD02C006B9AAB /* PBXTargetDependency */,
				BF917B482DEDD02C006B9AAB /* PBXTargetDependency */,
				F5B8A3252DF0BAB000542CF1 /* PBXTargetDependency */,
				F5B8A3312DF0BAEE00542CF1 /* PBXTargetDependency */,
			);
			fileSystemSynchronizedGroups = (
				3F0EF2912DDEF21400C4E8F4 /* ALP_Cinea */,
			);
			name = ALP_Cinea;
			packageProductDependencies = (
				BF917AE52DEDD003006B9AAB /* FirebaseAI */,
				BF917AE72DEDD003006B9AAB /* FirebaseAnalytics */,
				BF917AE92DEDD003006B9AAB /* FirebaseAnalyticsOnDeviceConversion */,
				BF917AEB2DEDD004006B9AAB /* FirebaseAnalyticsWithoutAdIdSupport */,
				BF917AED2DEDD004006B9AAB /* FirebaseAppCheck */,
				BF917AEF2DEDD004006B9AAB /* FirebaseAppDistribution-Beta */,
				BF917AF12DEDD004006B9AAB /* FirebaseAuth */,
				BF917AF32DEDD004006B9AAB /* FirebaseAuthCombine-Community */,
				BF917AF52DEDD004006B9AAB /* FirebaseCore */,
				BF917AF72DEDD004006B9AAB /* FirebaseCrashlytics */,
				BF917AF92DEDD004006B9AAB /* FirebaseDatabase */,
				BF917AFB2DEDD004006B9AAB /* FirebaseDynamicLinks */,
				BF917AFD2DEDD004006B9AAB /* FirebaseFirestore */,
				BF917AFF2DEDD004006B9AAB /* FirebaseFirestoreCombine-Community */,
				BF917B012DEDD004006B9AAB /* FirebaseFunctions */,
				BF917B032DEDD004006B9AAB /* FirebaseFunctionsCombine-Community */,
				BF917B052DEDD004006B9AAB /* FirebaseInAppMessaging-Beta */,
				BF917B072DEDD004006B9AAB /* FirebaseInstallations */,
				BF917B092DEDD004006B9AAB /* FirebaseMLModelDownloader */,
				BF917B0B2DEDD004006B9AAB /* FirebaseMessaging */,
				BF917B0D2DEDD004006B9AAB /* FirebasePerformance */,
				BF917B0F2DEDD004006B9AAB /* FirebaseRemoteConfig */,
				BF917B112DEDD004006B9AAB /* FirebaseStorage */,
				BF917B132DEDD004006B9AAB /* FirebaseStorageCombine-Community */,
				BF917B152DEDD004006B9AAB /* FirebaseVertexAI */,
			);
			productName = ALP_Cinea;
			productReference = 3F0EF28F2DDEF21400C4E8F4 /* ALP_Cinea.app */;
			productType = "com.apple.product-type.application";
		};
		3FB3ACFA2DF9634900B55637 /* ALP_Cinea_MAC */ = {
			isa = PBXNativeTarget;
			buildConfigurationList = 3FB3AD042DF9634B00B55637 /* Build configuration list for PBXNativeTarget "ALP_Cinea_MAC" */;
			buildPhases = (
				3FB3ACF72DF9634900B55637 /* Sources */,
				3FB3ACF82DF9634900B55637 /* Frameworks */,
				3FB3ACF92DF9634900B55637 /* Resources */,
			);
			buildRules = (
			);
			dependencies = (
			);
			fileSystemSynchronizedGroups = (
				3FB3ACFC2DF9634900B55637 /* ALP_Cinea_MAC */,
			);
			name = ALP_Cinea_MAC;
			packageProductDependencies = (
				3FB3AD292DF96ADE00B55637 /* FirebaseFirestore */,
				3FB3AD2B2DF96B0100B55637 /* FirebaseAuth */,
			);
			productName = ALP_Cinea_MAC;
			productReference = 3FB3ACFB2DF9634900B55637 /* ALP_Cinea_MAC.app */;
			productType = "com.apple.product-type.application";
		};
		F5B8A2E02DF0BA9500542CF1 /* ALP_Cinea_IPAD */ = {
			isa = PBXNativeTarget;
			buildConfigurationList = F5B8A2EB2DF0BA9800542CF1 /* Build configuration list for PBXNativeTarget "ALP_Cinea_IPAD" */;
			buildPhases = (
				F5B8A2DD2DF0BA9500542CF1 /* Sources */,
				F5B8A2DE2DF0BA9500542CF1 /* Frameworks */,
				F5B8A2DF2DF0BA9500542CF1 /* Resources */,
			);
			buildRules = (
			);
			dependencies = (
			);
			fileSystemSynchronizedGroups = (
				F5B8A2E22DF0BA9600542CF1 /* ALP_Cinea_IPAD */,
			);
			name = ALP_Cinea_IPAD;
			packageProductDependencies = (
				F5B8A2F12DF0BAA900542CF1 /* FirebaseAI */,
				F5B8A2F32DF0BAA900542CF1 /* FirebaseAnalytics */,
				F5B8A2F52DF0BAA900542CF1 /* FirebaseAnalyticsOnDeviceConversion */,
				F5B8A2F72DF0BAA900542CF1 /* FirebaseAnalyticsWithoutAdIdSupport */,
				F5B8A2F92DF0BAA900542CF1 /* FirebaseAppCheck */,
				F5B8A2FB2DF0BAA900542CF1 /* FirebaseAppDistribution-Beta */,
				F5B8A2FD2DF0BAA900542CF1 /* FirebaseAuth */,
				F5B8A2FF2DF0BAA900542CF1 /* FirebaseAuthCombine-Community */,
				F5B8A3012DF0BAA900542CF1 /* FirebaseCore */,
				F5B8A3032DF0BAA900542CF1 /* FirebaseCrashlytics */,
				F5B8A3052DF0BAA900542CF1 /* FirebaseDatabase */,
				F5B8A3072DF0BAA900542CF1 /* FirebaseDynamicLinks */,
				F5B8A3092DF0BAA900542CF1 /* FirebaseFirestore */,
				F5B8A30B2DF0BAA900542CF1 /* FirebaseFirestoreCombine-Community */,
				F5B8A30D2DF0BAA900542CF1 /* FirebaseFunctions */,
				F5B8A30F2DF0BAA900542CF1 /* FirebaseFunctionsCombine-Community */,
				F5B8A3112DF0BAA900542CF1 /* FirebaseInAppMessaging-Beta */,
				F5B8A3132DF0BAA900542CF1 /* FirebaseInstallations */,
				F5B8A3152DF0BAA900542CF1 /* FirebaseMessaging */,
				F5B8A3172DF0BAA900542CF1 /* FirebaseMLModelDownloader */,
				F5B8A3192DF0BAA900542CF1 /* FirebasePerformance */,
				F5B8A31B2DF0BAA900542CF1 /* FirebaseRemoteConfig */,
				F5B8A31D2DF0BAA900542CF1 /* FirebaseStorage */,
				F5B8A31F2DF0BAA900542CF1 /* FirebaseStorageCombine-Community */,
				F5B8A3212DF0BAA900542CF1 /* FirebaseVertexAI */,
			);
			productName = ALP_Cinea_IPAD;
			productReference = F5B8A2E12DF0BA9500542CF1 /* ALP_Cinea_IPAD.app */;
			productType = "com.apple.product-type.application";
		};
/* End PBXNativeTarget section */

/* Begin PBXProject section */
		3F0EF2872DDEF21400C4E8F4 /* Project object */ = {
			isa = PBXProject;
			attributes = {
				BuildIndependentTargetsInParallel = 1;
				LastSwiftUpdateCheck = 1630;
				LastUpgradeCheck = 1620;
				TargetAttributes = {
					3F0EF28E2DDEF21400C4E8F4 = {
						CreatedOnToolsVersion = 16.2;
					};
					3FB3ACFA2DF9634900B55637 = {
						CreatedOnToolsVersion = 16.3;
					};
					F5B8A2E02DF0BA9500542CF1 = {
						CreatedOnToolsVersion = 16.4;
					};
				};
			};
			buildConfigurationList = 3F0EF28A2DDEF21400C4E8F4 /* Build configuration list for PBXProject "ALP_Cinea" */;
			developmentRegion = en;
			hasScannedForEncodings = 0;
			knownRegions = (
				en,
				Base,
			);
			mainGroup = 3F0EF2862DDEF21400C4E8F4;
			minimizedProjectReferenceProxies = 1;
			packageReferences = (
				BF917AE42DEDD003006B9AAB /* XCRemoteSwiftPackageReference "firebase-ios-sdk" */,
			);
			preferredProjectObjectVersion = 77;
			productRefGroup = 3F0EF2902DDEF21400C4E8F4 /* Products */;
			projectDirPath = "";
			projectRoot = "";
			targets = (
				3F0EF28E2DDEF21400C4E8F4 /* ALP_Cinea */,
				F5B8A2E02DF0BA9500542CF1 /* ALP_Cinea_IPAD */,
				3FB3ACFA2DF9634900B55637 /* ALP_Cinea_MAC */,
			);
		};
/* End PBXProject section */

/* Begin PBXResourcesBuildPhase section */
		3F0EF28D2DDEF21400C4E8F4 /* Resources */ = {
			isa = PBXResourcesBuildPhase;
			buildActionMask = 2147483647;
			files = (
				F5B8A3232DF0BAB000542CF1 /* ALP_Cinea_IPAD.app in Resources */,
			);
			runOnlyForDeploymentPostprocessing = 0;
		};
		3FB3ACF92DF9634900B55637 /* Resources */ = {
			isa = PBXResourcesBuildPhase;
			buildActionMask = 2147483647;
			files = (
			);
			runOnlyForDeploymentPostprocessing = 0;
		};
		F5B8A2DF2DF0BA9500542CF1 /* Resources */ = {
			isa = PBXResourcesBuildPhase;
			buildActionMask = 2147483647;
			files = (
			);
			runOnlyForDeploymentPostprocessing = 0;
		};
/* End PBXResourcesBuildPhase section */

/* Begin PBXSourcesBuildPhase section */
		3F0EF28B2DDEF21400C4E8F4 /* Sources */ = {
			isa = PBXSourcesBuildPhase;
			buildActionMask = 2147483647;
			files = (
			);
			runOnlyForDeploymentPostprocessing = 0;
		};
		3FB3ACF72DF9634900B55637 /* Sources */ = {
			isa = PBXSourcesBuildPhase;
			buildActionMask = 2147483647;
			files = (
			);
			runOnlyForDeploymentPostprocessing = 0;
		};
		F5B8A2DD2DF0BA9500542CF1 /* Sources */ = {
			isa = PBXSourcesBuildPhase;
			buildActionMask = 2147483647;
			files = (
			);
			runOnlyForDeploymentPostprocessing = 0;
		};
/* End PBXSourcesBuildPhase section */

/* Begin PBXTargetDependency section */
		BF917B182DEDD02C006B9AAB /* PBXTargetDependency */ = {
			isa = PBXTargetDependency;
			productRef = BF917B172DEDD02C006B9AAB /* FirebaseAI */;
		};
		BF917B1A2DEDD02C006B9AAB /* PBXTargetDependency */ = {
			isa = PBXTargetDependency;
			productRef = BF917B192DEDD02C006B9AAB /* FirebaseAnalytics */;
		};
		BF917B1C2DEDD02C006B9AAB /* PBXTargetDependency */ = {
			isa = PBXTargetDependency;
			productRef = BF917B1B2DEDD02C006B9AAB /* FirebaseAnalyticsOnDeviceConversion */;
		};
		BF917B1E2DEDD02C006B9AAB /* PBXTargetDependency */ = {
			isa = PBXTargetDependency;
			productRef = BF917B1D2DEDD02C006B9AAB /* FirebaseAnalyticsWithoutAdIdSupport */;
		};
		BF917B202DEDD02C006B9AAB /* PBXTargetDependency */ = {
			isa = PBXTargetDependency;
			productRef = BF917B1F2DEDD02C006B9AAB /* FirebaseAppCheck */;
		};
		BF917B222DEDD02C006B9AAB /* PBXTargetDependency */ = {
			isa = PBXTargetDependency;
			productRef = BF917B212DEDD02C006B9AAB /* FirebaseAppDistribution-Beta */;
		};
		BF917B242DEDD02C006B9AAB /* PBXTargetDependency */ = {
			isa = PBXTargetDependency;
			productRef = BF917B232DEDD02C006B9AAB /* FirebaseAuth */;
		};
		BF917B262DEDD02C006B9AAB /* PBXTargetDependency */ = {
			isa = PBXTargetDependency;
			productRef = BF917B252DEDD02C006B9AAB /* FirebaseAuthCombine-Community */;
		};
		BF917B282DEDD02C006B9AAB /* PBXTargetDependency */ = {
			isa = PBXTargetDependency;
			productRef = BF917B272DEDD02C006B9AAB /* FirebaseCore */;
		};
		BF917B2A2DEDD02C006B9AAB /* PBXTargetDependency */ = {
			isa = PBXTargetDependency;
			productRef = BF917B292DEDD02C006B9AAB /* FirebaseCrashlytics */;
		};
		BF917B2C2DEDD02C006B9AAB /* PBXTargetDependency */ = {
			isa = PBXTargetDependency;
			productRef = BF917B2B2DEDD02C006B9AAB /* FirebaseDatabase */;
		};
		BF917B2E2DEDD02C006B9AAB /* PBXTargetDependency */ = {
			isa = PBXTargetDependency;
			productRef = BF917B2D2DEDD02C006B9AAB /* FirebaseDynamicLinks */;
		};
		BF917B302DEDD02C006B9AAB /* PBXTargetDependency */ = {
			isa = PBXTargetDependency;
			productRef = BF917B2F2DEDD02C006B9AAB /* FirebaseFirestore */;
		};
		BF917B322DEDD02C006B9AAB /* PBXTargetDependency */ = {
			isa = PBXTargetDependency;
			productRef = BF917B312DEDD02C006B9AAB /* FirebaseFirestoreCombine-Community */;
		};
		BF917B342DEDD02C006B9AAB /* PBXTargetDependency */ = {
			isa = PBXTargetDependency;
			productRef = BF917B332DEDD02C006B9AAB /* FirebaseFunctions */;
		};
		BF917B362DEDD02C006B9AAB /* PBXTargetDependency */ = {
			isa = PBXTargetDependency;
			productRef = BF917B352DEDD02C006B9AAB /* FirebaseFunctionsCombine-Community */;
		};
		BF917B382DEDD02C006B9AAB /* PBXTargetDependency */ = {
			isa = PBXTargetDependency;
			productRef = BF917B372DEDD02C006B9AAB /* FirebaseInAppMessaging-Beta */;
		};
		BF917B3A2DEDD02C006B9AAB /* PBXTargetDependency */ = {
			isa = PBXTargetDependency;
			productRef = BF917B392DEDD02C006B9AAB /* FirebaseInstallations */;
		};
		BF917B3C2DEDD02C006B9AAB /* PBXTargetDependency */ = {
			isa = PBXTargetDependency;
			productRef = BF917B3B2DEDD02C006B9AAB /* FirebaseMLModelDownloader */;
		};
		BF917B3E2DEDD02C006B9AAB /* PBXTargetDependency */ = {
			isa = PBXTargetDependency;
			productRef = BF917B3D2DEDD02C006B9AAB /* FirebaseMessaging */;
		};
		BF917B402DEDD02C006B9AAB /* PBXTargetDependency */ = {
			isa = PBXTargetDependency;
			productRef = BF917B3F2DEDD02C006B9AAB /* FirebasePerformance */;
		};
		BF917B422DEDD02C006B9AAB /* PBXTargetDependency */ = {
			isa = PBXTargetDependency;
			productRef = BF917B412DEDD02C006B9AAB /* FirebaseRemoteConfig */;
		};
		BF917B442DEDD02C006B9AAB /* PBXTargetDependency */ = {
			isa = PBXTargetDependency;
			productRef = BF917B432DEDD02C006B9AAB /* FirebaseStorage */;
		};
		BF917B462DEDD02C006B9AAB /* PBXTargetDependency */ = {
			isa = PBXTargetDependency;
			productRef = BF917B452DEDD02C006B9AAB /* FirebaseStorageCombine-Community */;
		};
		BF917B482DEDD02C006B9AAB /* PBXTargetDependency */ = {
			isa = PBXTargetDependency;
			productRef = BF917B472DEDD02C006B9AAB /* FirebaseVertexAI */;
		};
		F5B8A3252DF0BAB000542CF1 /* PBXTargetDependency */ = {
			isa = PBXTargetDependency;
			target = F5B8A2E02DF0BA9500542CF1 /* ALP_Cinea_IPAD */;
			targetProxy = F5B8A3242DF0BAB000542CF1 /* PBXContainerItemProxy */;
		};
		F5B8A3312DF0BAEE00542CF1 /* PBXTargetDependency */ = {
			isa = PBXTargetDependency;
			target = F5B8A2E02DF0BA9500542CF1 /* ALP_Cinea_IPAD */;
			targetProxy = F5B8A3302DF0BAEE00542CF1 /* PBXContainerItemProxy */;
		};
/* End PBXTargetDependency section */

/* Begin XCBuildConfiguration section */
		3F0EF29B2DDEF21500C4E8F4 /* Debug */ = {
			isa = XCBuildConfiguration;
			buildSettings = {
				ALWAYS_SEARCH_USER_PATHS = NO;
				ASSETCATALOG_COMPILER_GENERATE_SWIFT_ASSET_SYMBOL_EXTENSIONS = YES;
				CLANG_ANALYZER_NONNULL = YES;
				CLANG_ANALYZER_NUMBER_OBJECT_CONVERSION = YES_AGGRESSIVE;
				CLANG_CXX_LANGUAGE_STANDARD = "gnu++20";
				CLANG_ENABLE_MODULES = YES;
				CLANG_ENABLE_OBJC_ARC = YES;
				CLANG_ENABLE_OBJC_WEAK = YES;
				CLANG_WARN_BLOCK_CAPTURE_AUTORELEASING = YES;
				CLANG_WARN_BOOL_CONVERSION = YES;
				CLANG_WARN_COMMA = YES;
				CLANG_WARN_CONSTANT_CONVERSION = YES;
				CLANG_WARN_DEPRECATED_OBJC_IMPLEMENTATIONS = YES;
				CLANG_WARN_DIRECT_OBJC_ISA_USAGE = YES_ERROR;
				CLANG_WARN_DOCUMENTATION_COMMENTS = YES;
				CLANG_WARN_EMPTY_BODY = YES;
				CLANG_WARN_ENUM_CONVERSION = YES;
				CLANG_WARN_INFINITE_RECURSION = YES;
				CLANG_WARN_INT_CONVERSION = YES;
				CLANG_WARN_NON_LITERAL_NULL_CONVERSION = YES;
				CLANG_WARN_OBJC_IMPLICIT_RETAIN_SELF = YES;
				CLANG_WARN_OBJC_LITERAL_CONVERSION = YES;
				CLANG_WARN_OBJC_ROOT_CLASS = YES_ERROR;
				CLANG_WARN_QUOTED_INCLUDE_IN_FRAMEWORK_HEADER = YES;
				CLANG_WARN_RANGE_LOOP_ANALYSIS = YES;
				CLANG_WARN_STRICT_PROTOTYPES = YES;
				CLANG_WARN_SUSPICIOUS_MOVE = YES;
				CLANG_WARN_UNGUARDED_AVAILABILITY = YES_AGGRESSIVE;
				CLANG_WARN_UNREACHABLE_CODE = YES;
				CLANG_WARN__DUPLICATE_METHOD_MATCH = YES;
				COPY_PHASE_STRIP = NO;
				DEBUG_INFORMATION_FORMAT = dwarf;
				ENABLE_STRICT_OBJC_MSGSEND = YES;
				ENABLE_TESTABILITY = YES;
				ENABLE_USER_SCRIPT_SANDBOXING = YES;
				GCC_C_LANGUAGE_STANDARD = gnu17;
				GCC_DYNAMIC_NO_PIC = NO;
				GCC_NO_COMMON_BLOCKS = YES;
				GCC_OPTIMIZATION_LEVEL = 0;
				GCC_PREPROCESSOR_DEFINITIONS = (
					"DEBUG=1",
					"$(inherited)",
				);
				GCC_WARN_64_TO_32_BIT_CONVERSION = YES;
				GCC_WARN_ABOUT_RETURN_TYPE = YES_ERROR;
				GCC_WARN_UNDECLARED_SELECTOR = YES;
				GCC_WARN_UNINITIALIZED_AUTOS = YES_AGGRESSIVE;
				GCC_WARN_UNUSED_FUNCTION = YES;
				GCC_WARN_UNUSED_VARIABLE = YES;
				IPHONEOS_DEPLOYMENT_TARGET = 18.2;
				LOCALIZATION_PREFERS_STRING_CATALOGS = YES;
				MTL_ENABLE_DEBUG_INFO = INCLUDE_SOURCE;
				MTL_FAST_MATH = YES;
				ONLY_ACTIVE_ARCH = YES;
				SDKROOT = iphoneos;
				SWIFT_ACTIVE_COMPILATION_CONDITIONS = "DEBUG $(inherited)";
				SWIFT_OPTIMIZATION_LEVEL = "-Onone";
			};
			name = Debug;
		};
		3F0EF29C2DDEF21500C4E8F4 /* Release */ = {
			isa = XCBuildConfiguration;
			buildSettings = {
				ALWAYS_SEARCH_USER_PATHS = NO;
				ASSETCATALOG_COMPILER_GENERATE_SWIFT_ASSET_SYMBOL_EXTENSIONS = YES;
				CLANG_ANALYZER_NONNULL = YES;
				CLANG_ANALYZER_NUMBER_OBJECT_CONVERSION = YES_AGGRESSIVE;
				CLANG_CXX_LANGUAGE_STANDARD = "gnu++20";
				CLANG_ENABLE_MODULES = YES;
				CLANG_ENABLE_OBJC_ARC = YES;
				CLANG_ENABLE_OBJC_WEAK = YES;
				CLANG_WARN_BLOCK_CAPTURE_AUTORELEASING = YES;
				CLANG_WARN_BOOL_CONVERSION = YES;
				CLANG_WARN_COMMA = YES;
				CLANG_WARN_CONSTANT_CONVERSION = YES;
				CLANG_WARN_DEPRECATED_OBJC_IMPLEMENTATIONS = YES;
				CLANG_WARN_DIRECT_OBJC_ISA_USAGE = YES_ERROR;
				CLANG_WARN_DOCUMENTATION_COMMENTS = YES;
				CLANG_WARN_EMPTY_BODY = YES;
				CLANG_WARN_ENUM_CONVERSION = YES;
				CLANG_WARN_INFINITE_RECURSION = YES;
				CLANG_WARN_INT_CONVERSION = YES;
				CLANG_WARN_NON_LITERAL_NULL_CONVERSION = YES;
				CLANG_WARN_OBJC_IMPLICIT_RETAIN_SELF = YES;
				CLANG_WARN_OBJC_LITERAL_CONVERSION = YES;
				CLANG_WARN_OBJC_ROOT_CLASS = YES_ERROR;
				CLANG_WARN_QUOTED_INCLUDE_IN_FRAMEWORK_HEADER = YES;
				CLANG_WARN_RANGE_LOOP_ANALYSIS = YES;
				CLANG_WARN_STRICT_PROTOTYPES = YES;
				CLANG_WARN_SUSPICIOUS_MOVE = YES;
				CLANG_WARN_UNGUARDED_AVAILABILITY = YES_AGGRESSIVE;
				CLANG_WARN_UNREACHABLE_CODE = YES;
				CLANG_WARN__DUPLICATE_METHOD_MATCH = YES;
				COPY_PHASE_STRIP = NO;
				DEBUG_INFORMATION_FORMAT = "dwarf-with-dsym";
				ENABLE_NS_ASSERTIONS = NO;
				ENABLE_STRICT_OBJC_MSGSEND = YES;
				ENABLE_USER_SCRIPT_SANDBOXING = YES;
				GCC_C_LANGUAGE_STANDARD = gnu17;
				GCC_NO_COMMON_BLOCKS = YES;
				GCC_WARN_64_TO_32_BIT_CONVERSION = YES;
				GCC_WARN_ABOUT_RETURN_TYPE = YES_ERROR;
				GCC_WARN_UNDECLARED_SELECTOR = YES;
				GCC_WARN_UNINITIALIZED_AUTOS = YES_AGGRESSIVE;
				GCC_WARN_UNUSED_FUNCTION = YES;
				GCC_WARN_UNUSED_VARIABLE = YES;
				IPHONEOS_DEPLOYMENT_TARGET = 18.2;
				LOCALIZATION_PREFERS_STRING_CATALOGS = YES;
				MTL_ENABLE_DEBUG_INFO = NO;
				MTL_FAST_MATH = YES;
				SDKROOT = iphoneos;
				SWIFT_COMPILATION_MODE = wholemodule;
				VALIDATE_PRODUCT = YES;
			};
			name = Release;
		};
		3F0EF29E2DDEF21500C4E8F4 /* Debug */ = {
			isa = XCBuildConfiguration;
			buildSettings = {
				ASSETCATALOG_COMPILER_APPICON_NAME = AppIcon;
				ASSETCATALOG_COMPILER_GLOBAL_ACCENT_COLOR_NAME = AccentColor;
				CODE_SIGN_STYLE = Automatic;
				CURRENT_PROJECT_VERSION = 1;
				DEVELOPMENT_ASSET_PATHS = "\"ALP_Cinea/Preview Content\"";
				ENABLE_PREVIEWS = YES;
				GENERATE_INFOPLIST_FILE = YES;
				INFOPLIST_KEY_UIApplicationSceneManifest_Generation = YES;
				INFOPLIST_KEY_UIApplicationSupportsIndirectInputEvents = YES;
				INFOPLIST_KEY_UILaunchScreen_Generation = YES;
				INFOPLIST_KEY_UISupportedInterfaceOrientations_iPad = "UIInterfaceOrientationPortrait UIInterfaceOrientationPortraitUpsideDown UIInterfaceOrientationLandscapeLeft UIInterfaceOrientationLandscapeRight";
				INFOPLIST_KEY_UISupportedInterfaceOrientations_iPhone = "UIInterfaceOrientationPortrait UIInterfaceOrientationLandscapeLeft UIInterfaceOrientationLandscapeRight";
				LD_RUNPATH_SEARCH_PATHS = (
					"$(inherited)",
					"@executable_path/Frameworks",
				);
				MARKETING_VERSION = 1.0;
				PRODUCT_BUNDLE_IDENTIFIER = "UC-IMT.ALP-Cinea";
				PRODUCT_NAME = "$(TARGET_NAME)";
				SWIFT_EMIT_LOC_STRINGS = YES;
				SWIFT_VERSION = 5.0;
				TARGETED_DEVICE_FAMILY = "1,2";
			};
			name = Debug;
		};
		3F0EF29F2DDEF21500C4E8F4 /* Release */ = {
			isa = XCBuildConfiguration;
			buildSettings = {
				ASSETCATALOG_COMPILER_APPICON_NAME = AppIcon;
				ASSETCATALOG_COMPILER_GLOBAL_ACCENT_COLOR_NAME = AccentColor;
				CODE_SIGN_STYLE = Automatic;
				CURRENT_PROJECT_VERSION = 1;
				DEVELOPMENT_ASSET_PATHS = "\"ALP_Cinea/Preview Content\"";
				ENABLE_PREVIEWS = YES;
				GENERATE_INFOPLIST_FILE = YES;
				INFOPLIST_KEY_UIApplicationSceneManifest_Generation = YES;
				INFOPLIST_KEY_UIApplicationSupportsIndirectInputEvents = YES;
				INFOPLIST_KEY_UILaunchScreen_Generation = YES;
				INFOPLIST_KEY_UISupportedInterfaceOrientations_iPad = "UIInterfaceOrientationPortrait UIInterfaceOrientationPortraitUpsideDown UIInterfaceOrientationLandscapeLeft UIInterfaceOrientationLandscapeRight";
				INFOPLIST_KEY_UISupportedInterfaceOrientations_iPhone = "UIInterfaceOrientationPortrait UIInterfaceOrientationLandscapeLeft UIInterfaceOrientationLandscapeRight";
				LD_RUNPATH_SEARCH_PATHS = (
					"$(inherited)",
					"@executable_path/Frameworks",
				);
				MARKETING_VERSION = 1.0;
				PRODUCT_BUNDLE_IDENTIFIER = "UC-IMT.ALP-Cinea";
				PRODUCT_NAME = "$(TARGET_NAME)";
				SWIFT_EMIT_LOC_STRINGS = YES;
				SWIFT_VERSION = 5.0;
				TARGETED_DEVICE_FAMILY = "1,2";
			};
			name = Release;
		};
		3FB3AD052DF9634B00B55637 /* Debug */ = {
			isa = XCBuildConfiguration;
			buildSettings = {
				ASSETCATALOG_COMPILER_APPICON_NAME = AppIcon;
				ASSETCATALOG_COMPILER_GLOBAL_ACCENT_COLOR_NAME = AccentColor;
				CODE_SIGN_ENTITLEMENTS = ALP_Cinea_MAC/ALP_Cinea_MAC.entitlements;
				CODE_SIGN_STYLE = Automatic;
				COMBINE_HIDPI_IMAGES = YES;
				CURRENT_PROJECT_VERSION = 1;
				ENABLE_PREVIEWS = YES;
				GENERATE_INFOPLIST_FILE = YES;
				INFOPLIST_KEY_NSHumanReadableCopyright = "";
				LD_RUNPATH_SEARCH_PATHS = (
					"$(inherited)",
					"@executable_path/../Frameworks",
				);
				MACOSX_DEPLOYMENT_TARGET = 15.4;
				MARKETING_VERSION = 1.0;
				PRODUCT_BUNDLE_IDENTIFIER = "UC-IMT.ALP-Cinea-MAC";
				PRODUCT_NAME = "$(TARGET_NAME)";
				REGISTER_APP_GROUPS = YES;
				SDKROOT = macosx;
				SWIFT_EMIT_LOC_STRINGS = YES;
				SWIFT_VERSION = 5.0;
			};
			name = Debug;
		};
		3FB3AD062DF9634B00B55637 /* Release */ = {
			isa = XCBuildConfiguration;
			buildSettings = {
				ASSETCATALOG_COMPILER_APPICON_NAME = AppIcon;
				ASSETCATALOG_COMPILER_GLOBAL_ACCENT_COLOR_NAME = AccentColor;
				CODE_SIGN_ENTITLEMENTS = ALP_Cinea_MAC/ALP_Cinea_MAC.entitlements;
				CODE_SIGN_STYLE = Automatic;
				COMBINE_HIDPI_IMAGES = YES;
				CURRENT_PROJECT_VERSION = 1;
				ENABLE_PREVIEWS = YES;
				GENERATE_INFOPLIST_FILE = YES;
				INFOPLIST_KEY_NSHumanReadableCopyright = "";
				LD_RUNPATH_SEARCH_PATHS = (
					"$(inherited)",
					"@executable_path/../Frameworks",
				);
				MACOSX_DEPLOYMENT_TARGET = 15.4;
				MARKETING_VERSION = 1.0;
				PRODUCT_BUNDLE_IDENTIFIER = "UC-IMT.ALP-Cinea-MAC";
				PRODUCT_NAME = "$(TARGET_NAME)";
				REGISTER_APP_GROUPS = YES;
				SDKROOT = macosx;
				SWIFT_EMIT_LOC_STRINGS = YES;
				SWIFT_VERSION = 5.0;
			};
			name = Release;
		};
		F5B8A2E92DF0BA9800542CF1 /* Debug */ = {
			isa = XCBuildConfiguration;
			buildSettings = {
				ASSETCATALOG_COMPILER_APPICON_NAME = AppIcon;
				ASSETCATALOG_COMPILER_GLOBAL_ACCENT_COLOR_NAME = AccentColor;
				CODE_SIGN_STYLE = Automatic;
				CURRENT_PROJECT_VERSION = 1;
				DEVELOPMENT_TEAM = T2BYKU8JF4;
				ENABLE_PREVIEWS = YES;
				GENERATE_INFOPLIST_FILE = YES;
				INFOPLIST_KEY_UIApplicationSceneManifest_Generation = YES;
				INFOPLIST_KEY_UIApplicationSupportsIndirectInputEvents = YES;
				INFOPLIST_KEY_UILaunchScreen_Generation = YES;
				INFOPLIST_KEY_UISupportedInterfaceOrientations_iPad = "UIInterfaceOrientationPortrait UIInterfaceOrientationPortraitUpsideDown UIInterfaceOrientationLandscapeLeft UIInterfaceOrientationLandscapeRight";
				INFOPLIST_KEY_UISupportedInterfaceOrientations_iPhone = "UIInterfaceOrientationPortrait UIInterfaceOrientationLandscapeLeft UIInterfaceOrientationLandscapeRight";
				IPHONEOS_DEPLOYMENT_TARGET = 18.0;
				LD_RUNPATH_SEARCH_PATHS = (
					"$(inherited)",
					"@executable_path/Frameworks",
				);
				MARKETING_VERSION = 1.0;
				PRODUCT_BUNDLE_IDENTIFIER = "ALP-MAD.ALP-Cinea-IPAD";
				PRODUCT_NAME = "$(TARGET_NAME)";
				SWIFT_EMIT_LOC_STRINGS = YES;
				SWIFT_VERSION = 5.0;
				TARGETED_DEVICE_FAMILY = "1,2";
			};
			name = Debug;
		};
		F5B8A2EA2DF0BA9800542CF1 /* Release */ = {
			isa = XCBuildConfiguration;
			buildSettings = {
				ASSETCATALOG_COMPILER_APPICON_NAME = AppIcon;
				ASSETCATALOG_COMPILER_GLOBAL_ACCENT_COLOR_NAME = AccentColor;
				CODE_SIGN_STYLE = Automatic;
				CURRENT_PROJECT_VERSION = 1;
				DEVELOPMENT_TEAM = T2BYKU8JF4;
				ENABLE_PREVIEWS = YES;
				GENERATE_INFOPLIST_FILE = YES;
				INFOPLIST_KEY_UIApplicationSceneManifest_Generation = YES;
				INFOPLIST_KEY_UIApplicationSupportsIndirectInputEvents = YES;
				INFOPLIST_KEY_UILaunchScreen_Generation = YES;
				INFOPLIST_KEY_UISupportedInterfaceOrientations_iPad = "UIInterfaceOrientationPortrait UIInterfaceOrientationPortraitUpsideDown UIInterfaceOrientationLandscapeLeft UIInterfaceOrientationLandscapeRight";
				INFOPLIST_KEY_UISupportedInterfaceOrientations_iPhone = "UIInterfaceOrientationPortrait UIInterfaceOrientationLandscapeLeft UIInterfaceOrientationLandscapeRight";
				IPHONEOS_DEPLOYMENT_TARGET = 18.0;
				LD_RUNPATH_SEARCH_PATHS = (
					"$(inherited)",
					"@executable_path/Frameworks",
				);
				MARKETING_VERSION = 1.0;
				PRODUCT_BUNDLE_IDENTIFIER = "ALP-MAD.ALP-Cinea-IPAD";
				PRODUCT_NAME = "$(TARGET_NAME)";
				SWIFT_EMIT_LOC_STRINGS = YES;
				SWIFT_VERSION = 5.0;
				TARGETED_DEVICE_FAMILY = "1,2";
			};
			name = Release;
		};
/* End XCBuildConfiguration section */

/* Begin XCConfigurationList section */
		3F0EF28A2DDEF21400C4E8F4 /* Build configuration list for PBXProject "ALP_Cinea" */ = {
			isa = XCConfigurationList;
			buildConfigurations = (
				3F0EF29B2DDEF21500C4E8F4 /* Debug */,
				3F0EF29C2DDEF21500C4E8F4 /* Release */,
			);
			defaultConfigurationIsVisible = 0;
			defaultConfigurationName = Release;
		};
		3F0EF29D2DDEF21500C4E8F4 /* Build configuration list for PBXNativeTarget "ALP_Cinea" */ = {
			isa = XCConfigurationList;
			buildConfigurations = (
				3F0EF29E2DDEF21500C4E8F4 /* Debug */,
				3F0EF29F2DDEF21500C4E8F4 /* Release */,
			);
			defaultConfigurationIsVisible = 0;
			defaultConfigurationName = Release;
		};
		3FB3AD042DF9634B00B55637 /* Build configuration list for PBXNativeTarget "ALP_Cinea_MAC" */ = {
			isa = XCConfigurationList;
			buildConfigurations = (
				3FB3AD052DF9634B00B55637 /* Debug */,
				3FB3AD062DF9634B00B55637 /* Release */,
			);
			defaultConfigurationIsVisible = 0;
			defaultConfigurationName = Release;
		};
		F5B8A2EB2DF0BA9800542CF1 /* Build configuration list for PBXNativeTarget "ALP_Cinea_IPAD" */ = {
			isa = XCConfigurationList;
			buildConfigurations = (
				F5B8A2E92DF0BA9800542CF1 /* Debug */,
				F5B8A2EA2DF0BA9800542CF1 /* Release */,
			);
			defaultConfigurationIsVisible = 0;
			defaultConfigurationName = Release;
		};
/* End XCConfigurationList section */

/* Begin XCRemoteSwiftPackageReference section */
		BF917AE42DEDD003006B9AAB /* XCRemoteSwiftPackageReference "firebase-ios-sdk" */ = {
			isa = XCRemoteSwiftPackageReference;
			repositoryURL = "https://github.com/firebase/firebase-ios-sdk";
			requirement = {
				kind = upToNextMajorVersion;
				minimumVersion = 11.13.0;
			};
		};
/* End XCRemoteSwiftPackageReference section */

/* Begin XCSwiftPackageProductDependency section */
		3FB3AD292DF96ADE00B55637 /* FirebaseFirestore */ = {
			isa = XCSwiftPackageProductDependency;
			package = BF917AE42DEDD003006B9AAB /* XCRemoteSwiftPackageReference "firebase-ios-sdk" */;
			productName = FirebaseFirestore;
		};
		3FB3AD2B2DF96B0100B55637 /* FirebaseAuth */ = {
			isa = XCSwiftPackageProductDependency;
			package = BF917AE42DEDD003006B9AAB /* XCRemoteSwiftPackageReference "firebase-ios-sdk" */;
			productName = FirebaseAuth;
		};
		BF917AE52DEDD003006B9AAB /* FirebaseAI */ = {
			isa = XCSwiftPackageProductDependency;
			package = BF917AE42DEDD003006B9AAB /* XCRemoteSwiftPackageReference "firebase-ios-sdk" */;
			productName = FirebaseAI;
		};
		BF917AE72DEDD003006B9AAB /* FirebaseAnalytics */ = {
			isa = XCSwiftPackageProductDependency;
			package = BF917AE42DEDD003006B9AAB /* XCRemoteSwiftPackageReference "firebase-ios-sdk" */;
			productName = FirebaseAnalytics;
		};
		BF917AE92DEDD003006B9AAB /* FirebaseAnalyticsOnDeviceConversion */ = {
			isa = XCSwiftPackageProductDependency;
			package = BF917AE42DEDD003006B9AAB /* XCRemoteSwiftPackageReference "firebase-ios-sdk" */;
			productName = FirebaseAnalyticsOnDeviceConversion;
		};
		BF917AEB2DEDD004006B9AAB /* FirebaseAnalyticsWithoutAdIdSupport */ = {
			isa = XCSwiftPackageProductDependency;
			package = BF917AE42DEDD003006B9AAB /* XCRemoteSwiftPackageReference "firebase-ios-sdk" */;
			productName = FirebaseAnalyticsWithoutAdIdSupport;
		};
		BF917AED2DEDD004006B9AAB /* FirebaseAppCheck */ = {
			isa = XCSwiftPackageProductDependency;
			package = BF917AE42DEDD003006B9AAB /* XCRemoteSwiftPackageReference "firebase-ios-sdk" */;
			productName = FirebaseAppCheck;
		};
		BF917AEF2DEDD004006B9AAB /* FirebaseAppDistribution-Beta */ = {
			isa = XCSwiftPackageProductDependency;
			package = BF917AE42DEDD003006B9AAB /* XCRemoteSwiftPackageReference "firebase-ios-sdk" */;
			productName = "FirebaseAppDistribution-Beta";
		};
		BF917AF12DEDD004006B9AAB /* FirebaseAuth */ = {
			isa = XCSwiftPackageProductDependency;
			package = BF917AE42DEDD003006B9AAB /* XCRemoteSwiftPackageReference "firebase-ios-sdk" */;
			productName = FirebaseAuth;
		};
		BF917AF32DEDD004006B9AAB /* FirebaseAuthCombine-Community */ = {
			isa = XCSwiftPackageProductDependency;
			package = BF917AE42DEDD003006B9AAB /* XCRemoteSwiftPackageReference "firebase-ios-sdk" */;
			productName = "FirebaseAuthCombine-Community";
		};
		BF917AF52DEDD004006B9AAB /* FirebaseCore */ = {
			isa = XCSwiftPackageProductDependency;
			package = BF917AE42DEDD003006B9AAB /* XCRemoteSwiftPackageReference "firebase-ios-sdk" */;
			productName = FirebaseCore;
		};
		BF917AF72DEDD004006B9AAB /* FirebaseCrashlytics */ = {
			isa = XCSwiftPackageProductDependency;
			package = BF917AE42DEDD003006B9AAB /* XCRemoteSwiftPackageReference "firebase-ios-sdk" */;
			productName = FirebaseCrashlytics;
		};
		BF917AF92DEDD004006B9AAB /* FirebaseDatabase */ = {
			isa = XCSwiftPackageProductDependency;
			package = BF917AE42DEDD003006B9AAB /* XCRemoteSwiftPackageReference "firebase-ios-sdk" */;
			productName = FirebaseDatabase;
		};
		BF917AFB2DEDD004006B9AAB /* FirebaseDynamicLinks */ = {
			isa = XCSwiftPackageProductDependency;
			package = BF917AE42DEDD003006B9AAB /* XCRemoteSwiftPackageReference "firebase-ios-sdk" */;
			productName = FirebaseDynamicLinks;
		};
		BF917AFD2DEDD004006B9AAB /* FirebaseFirestore */ = {
			isa = XCSwiftPackageProductDependency;
			package = BF917AE42DEDD003006B9AAB /* XCRemoteSwiftPackageReference "firebase-ios-sdk" */;
			productName = FirebaseFirestore;
		};
		BF917AFF2DEDD004006B9AAB /* FirebaseFirestoreCombine-Community */ = {
			isa = XCSwiftPackageProductDependency;
			package = BF917AE42DEDD003006B9AAB /* XCRemoteSwiftPackageReference "firebase-ios-sdk" */;
			productName = "FirebaseFirestoreCombine-Community";
		};
		BF917B012DEDD004006B9AAB /* FirebaseFunctions */ = {
			isa = XCSwiftPackageProductDependency;
			package = BF917AE42DEDD003006B9AAB /* XCRemoteSwiftPackageReference "firebase-ios-sdk" */;
			productName = FirebaseFunctions;
		};
		BF917B032DEDD004006B9AAB /* FirebaseFunctionsCombine-Community */ = {
			isa = XCSwiftPackageProductDependency;
			package = BF917AE42DEDD003006B9AAB /* XCRemoteSwiftPackageReference "firebase-ios-sdk" */;
			productName = "FirebaseFunctionsCombine-Community";
		};
		BF917B052DEDD004006B9AAB /* FirebaseInAppMessaging-Beta */ = {
			isa = XCSwiftPackageProductDependency;
			package = BF917AE42DEDD003006B9AAB /* XCRemoteSwiftPackageReference "firebase-ios-sdk" */;
			productName = "FirebaseInAppMessaging-Beta";
		};
		BF917B072DEDD004006B9AAB /* FirebaseInstallations */ = {
			isa = XCSwiftPackageProductDependency;
			package = BF917AE42DEDD003006B9AAB /* XCRemoteSwiftPackageReference "firebase-ios-sdk" */;
			productName = FirebaseInstallations;
		};
		BF917B092DEDD004006B9AAB /* FirebaseMLModelDownloader */ = {
			isa = XCSwiftPackageProductDependency;
			package = BF917AE42DEDD003006B9AAB /* XCRemoteSwiftPackageReference "firebase-ios-sdk" */;
			productName = FirebaseMLModelDownloader;
		};
		BF917B0B2DEDD004006B9AAB /* FirebaseMessaging */ = {
			isa = XCSwiftPackageProductDependency;
			package = BF917AE42DEDD003006B9AAB /* XCRemoteSwiftPackageReference "firebase-ios-sdk" */;
			productName = FirebaseMessaging;
		};
		BF917B0D2DEDD004006B9AAB /* FirebasePerformance */ = {
			isa = XCSwiftPackageProductDependency;
			package = BF917AE42DEDD003006B9AAB /* XCRemoteSwiftPackageReference "firebase-ios-sdk" */;
			productName = FirebasePerformance;
		};
		BF917B0F2DEDD004006B9AAB /* FirebaseRemoteConfig */ = {
			isa = XCSwiftPackageProductDependency;
			package = BF917AE42DEDD003006B9AAB /* XCRemoteSwiftPackageReference "firebase-ios-sdk" */;
			productName = FirebaseRemoteConfig;
		};
		BF917B112DEDD004006B9AAB /* FirebaseStorage */ = {
			isa = XCSwiftPackageProductDependency;
			package = BF917AE42DEDD003006B9AAB /* XCRemoteSwiftPackageReference "firebase-ios-sdk" */;
			productName = FirebaseStorage;
		};
		BF917B132DEDD004006B9AAB /* FirebaseStorageCombine-Community */ = {
			isa = XCSwiftPackageProductDependency;
			package = BF917AE42DEDD003006B9AAB /* XCRemoteSwiftPackageReference "firebase-ios-sdk" */;
			productName = "FirebaseStorageCombine-Community";
		};
		BF917B152DEDD004006B9AAB /* FirebaseVertexAI */ = {
			isa = XCSwiftPackageProductDependency;
			package = BF917AE42DEDD003006B9AAB /* XCRemoteSwiftPackageReference "firebase-ios-sdk" */;
			productName = FirebaseVertexAI;
		};
		BF917B172DEDD02C006B9AAB /* FirebaseAI */ = {
			isa = XCSwiftPackageProductDependency;
			package = BF917AE42DEDD003006B9AAB /* XCRemoteSwiftPackageReference "firebase-ios-sdk" */;
			productName = FirebaseAI;
		};
		BF917B192DEDD02C006B9AAB /* FirebaseAnalytics */ = {
			isa = XCSwiftPackageProductDependency;
			package = BF917AE42DEDD003006B9AAB /* XCRemoteSwiftPackageReference "firebase-ios-sdk" */;
			productName = FirebaseAnalytics;
		};
		BF917B1B2DEDD02C006B9AAB /* FirebaseAnalyticsOnDeviceConversion */ = {
			isa = XCSwiftPackageProductDependency;
			package = BF917AE42DEDD003006B9AAB /* XCRemoteSwiftPackageReference "firebase-ios-sdk" */;
			productName = FirebaseAnalyticsOnDeviceConversion;
		};
		BF917B1D2DEDD02C006B9AAB /* FirebaseAnalyticsWithoutAdIdSupport */ = {
			isa = XCSwiftPackageProductDependency;
			package = BF917AE42DEDD003006B9AAB /* XCRemoteSwiftPackageReference "firebase-ios-sdk" */;
			productName = FirebaseAnalyticsWithoutAdIdSupport;
		};
		BF917B1F2DEDD02C006B9AAB /* FirebaseAppCheck */ = {
			isa = XCSwiftPackageProductDependency;
			package = BF917AE42DEDD003006B9AAB /* XCRemoteSwiftPackageReference "firebase-ios-sdk" */;
			productName = FirebaseAppCheck;
		};
		BF917B212DEDD02C006B9AAB /* FirebaseAppDistribution-Beta */ = {
			isa = XCSwiftPackageProductDependency;
			package = BF917AE42DEDD003006B9AAB /* XCRemoteSwiftPackageReference "firebase-ios-sdk" */;
			productName = "FirebaseAppDistribution-Beta";
		};
		BF917B232DEDD02C006B9AAB /* FirebaseAuth */ = {
			isa = XCSwiftPackageProductDependency;
			package = BF917AE42DEDD003006B9AAB /* XCRemoteSwiftPackageReference "firebase-ios-sdk" */;
			productName = FirebaseAuth;
		};
		BF917B252DEDD02C006B9AAB /* FirebaseAuthCombine-Community */ = {
			isa = XCSwiftPackageProductDependency;
			package = BF917AE42DEDD003006B9AAB /* XCRemoteSwiftPackageReference "firebase-ios-sdk" */;
			productName = "FirebaseAuthCombine-Community";
		};
		BF917B272DEDD02C006B9AAB /* FirebaseCore */ = {
			isa = XCSwiftPackageProductDependency;
			package = BF917AE42DEDD003006B9AAB /* XCRemoteSwiftPackageReference "firebase-ios-sdk" */;
			productName = FirebaseCore;
		};
		BF917B292DEDD02C006B9AAB /* FirebaseCrashlytics */ = {
			isa = XCSwiftPackageProductDependency;
			package = BF917AE42DEDD003006B9AAB /* XCRemoteSwiftPackageReference "firebase-ios-sdk" */;
			productName = FirebaseCrashlytics;
		};
		BF917B2B2DEDD02C006B9AAB /* FirebaseDatabase */ = {
			isa = XCSwiftPackageProductDependency;
			package = BF917AE42DEDD003006B9AAB /* XCRemoteSwiftPackageReference "firebase-ios-sdk" */;
			productName = FirebaseDatabase;
		};
		BF917B2D2DEDD02C006B9AAB /* FirebaseDynamicLinks */ = {
			isa = XCSwiftPackageProductDependency;
			package = BF917AE42DEDD003006B9AAB /* XCRemoteSwiftPackageReference "firebase-ios-sdk" */;
			productName = FirebaseDynamicLinks;
		};
		BF917B2F2DEDD02C006B9AAB /* FirebaseFirestore */ = {
			isa = XCSwiftPackageProductDependency;
			package = BF917AE42DEDD003006B9AAB /* XCRemoteSwiftPackageReference "firebase-ios-sdk" */;
			productName = FirebaseFirestore;
		};
		BF917B312DEDD02C006B9AAB /* FirebaseFirestoreCombine-Community */ = {
			isa = XCSwiftPackageProductDependency;
			package = BF917AE42DEDD003006B9AAB /* XCRemoteSwiftPackageReference "firebase-ios-sdk" */;
			productName = "FirebaseFirestoreCombine-Community";
		};
		BF917B332DEDD02C006B9AAB /* FirebaseFunctions */ = {
			isa = XCSwiftPackageProductDependency;
			package = BF917AE42DEDD003006B9AAB /* XCRemoteSwiftPackageReference "firebase-ios-sdk" */;
			productName = FirebaseFunctions;
		};
		BF917B352DEDD02C006B9AAB /* FirebaseFunctionsCombine-Community */ = {
			isa = XCSwiftPackageProductDependency;
			package = BF917AE42DEDD003006B9AAB /* XCRemoteSwiftPackageReference "firebase-ios-sdk" */;
			productName = "FirebaseFunctionsCombine-Community";
		};
		BF917B372DEDD02C006B9AAB /* FirebaseInAppMessaging-Beta */ = {
			isa = XCSwiftPackageProductDependency;
			package = BF917AE42DEDD003006B9AAB /* XCRemoteSwiftPackageReference "firebase-ios-sdk" */;
			productName = "FirebaseInAppMessaging-Beta";
		};
		BF917B392DEDD02C006B9AAB /* FirebaseInstallations */ = {
			isa = XCSwiftPackageProductDependency;
			package = BF917AE42DEDD003006B9AAB /* XCRemoteSwiftPackageReference "firebase-ios-sdk" */;
			productName = FirebaseInstallations;
		};
		BF917B3B2DEDD02C006B9AAB /* FirebaseMLModelDownloader */ = {
			isa = XCSwiftPackageProductDependency;
			package = BF917AE42DEDD003006B9AAB /* XCRemoteSwiftPackageReference "firebase-ios-sdk" */;
			productName = FirebaseMLModelDownloader;
		};
		BF917B3D2DEDD02C006B9AAB /* FirebaseMessaging */ = {
			isa = XCSwiftPackageProductDependency;
			package = BF917AE42DEDD003006B9AAB /* XCRemoteSwiftPackageReference "firebase-ios-sdk" */;
			productName = FirebaseMessaging;
		};
		BF917B3F2DEDD02C006B9AAB /* FirebasePerformance */ = {
			isa = XCSwiftPackageProductDependency;
			package = BF917AE42DEDD003006B9AAB /* XCRemoteSwiftPackageReference "firebase-ios-sdk" */;
			productName = FirebasePerformance;
		};
		BF917B412DEDD02C006B9AAB /* FirebaseRemoteConfig */ = {
			isa = XCSwiftPackageProductDependency;
			package = BF917AE42DEDD003006B9AAB /* XCRemoteSwiftPackageReference "firebase-ios-sdk" */;
			productName = FirebaseRemoteConfig;
		};
		BF917B432DEDD02C006B9AAB /* FirebaseStorage */ = {
			isa = XCSwiftPackageProductDependency;
			package = BF917AE42DEDD003006B9AAB /* XCRemoteSwiftPackageReference "firebase-ios-sdk" */;
			productName = FirebaseStorage;
		};
		BF917B452DEDD02C006B9AAB /* FirebaseStorageCombine-Community */ = {
			isa = XCSwiftPackageProductDependency;
			package = BF917AE42DEDD003006B9AAB /* XCRemoteSwiftPackageReference "firebase-ios-sdk" */;
			productName = "FirebaseStorageCombine-Community";
		};
		BF917B472DEDD02C006B9AAB /* FirebaseVertexAI */ = {
			isa = XCSwiftPackageProductDependency;
			package = BF917AE42DEDD003006B9AAB /* XCRemoteSwiftPackageReference "firebase-ios-sdk" */;
			productName = FirebaseVertexAI;
		};
		F5B8A2F12DF0BAA900542CF1 /* FirebaseAI */ = {
			isa = XCSwiftPackageProductDependency;
			package = BF917AE42DEDD003006B9AAB /* XCRemoteSwiftPackageReference "firebase-ios-sdk" */;
			productName = FirebaseAI;
		};
		F5B8A2F32DF0BAA900542CF1 /* FirebaseAnalytics */ = {
			isa = XCSwiftPackageProductDependency;
			package = BF917AE42DEDD003006B9AAB /* XCRemoteSwiftPackageReference "firebase-ios-sdk" */;
			productName = FirebaseAnalytics;
		};
		F5B8A2F52DF0BAA900542CF1 /* FirebaseAnalyticsOnDeviceConversion */ = {
			isa = XCSwiftPackageProductDependency;
			package = BF917AE42DEDD003006B9AAB /* XCRemoteSwiftPackageReference "firebase-ios-sdk" */;
			productName = FirebaseAnalyticsOnDeviceConversion;
		};
		F5B8A2F72DF0BAA900542CF1 /* FirebaseAnalyticsWithoutAdIdSupport */ = {
			isa = XCSwiftPackageProductDependency;
			package = BF917AE42DEDD003006B9AAB /* XCRemoteSwiftPackageReference "firebase-ios-sdk" */;
			productName = FirebaseAnalyticsWithoutAdIdSupport;
		};
		F5B8A2F92DF0BAA900542CF1 /* FirebaseAppCheck */ = {
			isa = XCSwiftPackageProductDependency;
			package = BF917AE42DEDD003006B9AAB /* XCRemoteSwiftPackageReference "firebase-ios-sdk" */;
			productName = FirebaseAppCheck;
		};
		F5B8A2FB2DF0BAA900542CF1 /* FirebaseAppDistribution-Beta */ = {
			isa = XCSwiftPackageProductDependency;
			package = BF917AE42DEDD003006B9AAB /* XCRemoteSwiftPackageReference "firebase-ios-sdk" */;
			productName = "FirebaseAppDistribution-Beta";
		};
		F5B8A2FD2DF0BAA900542CF1 /* FirebaseAuth */ = {
			isa = XCSwiftPackageProductDependency;
			package = BF917AE42DEDD003006B9AAB /* XCRemoteSwiftPackageReference "firebase-ios-sdk" */;
			productName = FirebaseAuth;
		};
		F5B8A2FF2DF0BAA900542CF1 /* FirebaseAuthCombine-Community */ = {
			isa = XCSwiftPackageProductDependency;
			package = BF917AE42DEDD003006B9AAB /* XCRemoteSwiftPackageReference "firebase-ios-sdk" */;
			productName = "FirebaseAuthCombine-Community";
		};
		F5B8A3012DF0BAA900542CF1 /* FirebaseCore */ = {
			isa = XCSwiftPackageProductDependency;
			package = BF917AE42DEDD003006B9AAB /* XCRemoteSwiftPackageReference "firebase-ios-sdk" */;
			productName = FirebaseCore;
		};
		F5B8A3032DF0BAA900542CF1 /* FirebaseCrashlytics */ = {
			isa = XCSwiftPackageProductDependency;
			package = BF917AE42DEDD003006B9AAB /* XCRemoteSwiftPackageReference "firebase-ios-sdk" */;
			productName = FirebaseCrashlytics;
		};
		F5B8A3052DF0BAA900542CF1 /* FirebaseDatabase */ = {
			isa = XCSwiftPackageProductDependency;
			package = BF917AE42DEDD003006B9AAB /* XCRemoteSwiftPackageReference "firebase-ios-sdk" */;
			productName = FirebaseDatabase;
		};
		F5B8A3072DF0BAA900542CF1 /* FirebaseDynamicLinks */ = {
			isa = XCSwiftPackageProductDependency;
			package = BF917AE42DEDD003006B9AAB /* XCRemoteSwiftPackageReference "firebase-ios-sdk" */;
			productName = FirebaseDynamicLinks;
		};
		F5B8A3092DF0BAA900542CF1 /* FirebaseFirestore */ = {
			isa = XCSwiftPackageProductDependency;
			package = BF917AE42DEDD003006B9AAB /* XCRemoteSwiftPackageReference "firebase-ios-sdk" */;
			productName = FirebaseFirestore;
		};
		F5B8A30B2DF0BAA900542CF1 /* FirebaseFirestoreCombine-Community */ = {
			isa = XCSwiftPackageProductDependency;
			package = BF917AE42DEDD003006B9AAB /* XCRemoteSwiftPackageReference "firebase-ios-sdk" */;
			productName = "FirebaseFirestoreCombine-Community";
		};
		F5B8A30D2DF0BAA900542CF1 /* FirebaseFunctions */ = {
			isa = XCSwiftPackageProductDependency;
			package = BF917AE42DEDD003006B9AAB /* XCRemoteSwiftPackageReference "firebase-ios-sdk" */;
			productName = FirebaseFunctions;
		};
		F5B8A30F2DF0BAA900542CF1 /* FirebaseFunctionsCombine-Community */ = {
			isa = XCSwiftPackageProductDependency;
			package = BF917AE42DEDD003006B9AAB /* XCRemoteSwiftPackageReference "firebase-ios-sdk" */;
			productName = "FirebaseFunctionsCombine-Community";
		};
		F5B8A3112DF0BAA900542CF1 /* FirebaseInAppMessaging-Beta */ = {
			isa = XCSwiftPackageProductDependency;
			package = BF917AE42DEDD003006B9AAB /* XCRemoteSwiftPackageReference "firebase-ios-sdk" */;
			productName = "FirebaseInAppMessaging-Beta";
		};
		F5B8A3132DF0BAA900542CF1 /* FirebaseInstallations */ = {
			isa = XCSwiftPackageProductDependency;
			package = BF917AE42DEDD003006B9AAB /* XCRemoteSwiftPackageReference "firebase-ios-sdk" */;
			productName = FirebaseInstallations;
		};
		F5B8A3152DF0BAA900542CF1 /* FirebaseMessaging */ = {
			isa = XCSwiftPackageProductDependency;
			package = BF917AE42DEDD003006B9AAB /* XCRemoteSwiftPackageReference "firebase-ios-sdk" */;
			productName = FirebaseMessaging;
		};
		F5B8A3172DF0BAA900542CF1 /* FirebaseMLModelDownloader */ = {
			isa = XCSwiftPackageProductDependency;
			package = BF917AE42DEDD003006B9AAB /* XCRemoteSwiftPackageReference "firebase-ios-sdk" */;
			productName = FirebaseMLModelDownloader;
		};
		F5B8A3192DF0BAA900542CF1 /* FirebasePerformance */ = {
			isa = XCSwiftPackageProductDependency;
			package = BF917AE42DEDD003006B9AAB /* XCRemoteSwiftPackageReference "firebase-ios-sdk" */;
			productName = FirebasePerformance;
		};
		F5B8A31B2DF0BAA900542CF1 /* FirebaseRemoteConfig */ = {
			isa = XCSwiftPackageProductDependency;
			package = BF917AE42DEDD003006B9AAB /* XCRemoteSwiftPackageReference "firebase-ios-sdk" */;
			productName = FirebaseRemoteConfig;
		};
		F5B8A31D2DF0BAA900542CF1 /* FirebaseStorage */ = {
			isa = XCSwiftPackageProductDependency;
			package = BF917AE42DEDD003006B9AAB /* XCRemoteSwiftPackageReference "firebase-ios-sdk" */;
			productName = FirebaseStorage;
		};
		F5B8A31F2DF0BAA900542CF1 /* FirebaseStorageCombine-Community */ = {
			isa = XCSwiftPackageProductDependency;
			package = BF917AE42DEDD003006B9AAB /* XCRemoteSwiftPackageReference "firebase-ios-sdk" */;
			productName = "FirebaseStorageCombine-Community";
		};
		F5B8A3212DF0BAA900542CF1 /* FirebaseVertexAI */ = {
			isa = XCSwiftPackageProductDependency;
			package = BF917AE42DEDD003006B9AAB /* XCRemoteSwiftPackageReference "firebase-ios-sdk" */;
			productName = FirebaseVertexAI;
		};
/* End XCSwiftPackageProductDependency section */
	};
	rootObject = 3F0EF2872DDEF21400C4E8F4 /* Project object */;
}
